PODS:
  - Action (3.5.0):
    - RxCocoa (~> 4.0)
    - RxSwift (~> 4.0)
  - Alamofire (4.6.0)
  - Differentiator (3.0.2)
  - Moya/Core (10.0.1):
    - Alamofire (~> 4.1)
    - Result (~> 3.0)
  - Moya/RxSwift (10.0.1):
    - Moya/Core
    - RxSwift (~> 4.0)
  - Result (3.2.4)
  - ReSwift (4.0.1)
  - RxCocoa (4.0.0):
    - RxSwift (~> 4.0)
  - RxDataSources (3.0.2):
    - Differentiator (~> 3.0)
    - RxCocoa (~> 4.0)
    - RxSwift (~> 4.0)
  - RxFeedback (1.0.2):
    - RxCocoa (~> 4.0)
    - RxSwift (~> 4.0)
  - RxOptional (3.3.0):
    - RxCocoa (~> 4.0)
    - RxSwift (~> 4.0)
  - RxSwift (4.0.0)
  - RxViewController (0.3.0):
    - RxCocoa (>= 4.0.0)
    - RxSwift (>= 4.0.0)
  - SWXMLHash (4.0.0)

DEPENDENCIES:
  - Action (~> 3.1)
  - Moya/Core (~> 10.0)
  - Moya/RxSwift (~> 10.0)
  - ReSwift
  - RxCocoa (~> 4.0)
  - RxDataSources (~> 3.0)
  - RxFeedback (~> 1.0)
  - RxOptional (~> 3.3)
  - RxSwift (~> 4.0)
  - RxViewController
  - SWXMLHash (~> 4.0.0)

SPEC CHECKSUMS:
  Action: d60087ebce41b969d1afdad01e2fa1372a82f26e
  Alamofire: f41a599bd63041760b26d393ec1069d9d7b917f4
  Differentiator: a87be69eba49ec4ab460c7671143ee3a9eececfd
  Moya: 9e621707ff754eeb51ff3ec51a3d54e517c0733a
  Result: d2d07204ce72856f1fd9130bbe42c35a7b0fea10
  ReSwift: f4012c613e13da7398827fe5aebdb938eaed40a3
  RxCocoa: d62846ca96495d862fa4c59ea7d87e5031d7340e
  RxDataSources: cb7c31e652a87ebb919da45f716bbb87b3765f6b
  RxFeedback: 10a567c755e59a1897daf760578c6bae8c546bd4
  RxOptional: e5448d3e21024489e07c31f6a262f2b50c975367
  RxSwift: fd680d75283beb5e2559486f3c0ff852f0d35334
  RxViewController: 203510707e73dd95f147f0c387710e3ec80d2b0f
  SWXMLHash: 6bbc0bf72975a18ceda469fb7d6a886a26d81694

PODFILE CHECKSUM: 485a86ba3fa3a13f52e277156bc201433a1242ec

COCOAPODS: 1.3.1
