{
  "object": {
    "pins": [
      {
        "package": "SwiftUICharts",
        "repositoryURL": "https://github.com/AppPear/ChartView",
        "state": {
          "branch": null,
          "revision": "9115a992c91fa19cbb4f2241084240d38654a1fc",
          "version": "1.5.5"
        }
      },
      {
        "package": "Nivelir",
        "repositoryURL": "https://github.com/hhru/Nivelir",
        "state": {
          "branch": null,
          "revision": "67fb94b0a1a16c4b10443b5c50299efea23d6346",
          "version": "1.0.0-alpha.2"
        }
      },
      {
        "package": "XMLParsing",
        "repositoryURL": "https://github.com/ShawnMoore/XMLParsing.git",
        "state": {
          "branch": null,
          "revision": "2b77a8078d9695aac1a0e5806768e819025174c3",
          "version": "0.0.3"
        }
      }
    ]
  },
  "version": 1
}
