// !$*UTF8*$!
{
	archiveVersion = 1;
	classes = {
	};
	objectVersion = 52;
	objects = {

/* Begin PBXBuildFile section */
		1D0FAE6A253CB4EB00E8AC71 /* RateCell.swift in Sources */ = {isa = PBXBuildFile; fileRef = 1D0FAE69253CB4EB00E8AC71 /* RateCell.swift */; };
		1D3F0A752635ACE6008DA608 /* CurrencyRateView.swift in Sources */ = {isa = PBXBuildFile; fileRef = 1D3F0A742635ACE6008DA608 /* CurrencyRateView.swift */; };
		1D3F0A7A2635ADB6008DA608 /* UIView+extensions.swift in Sources */ = {isa = PBXBuildFile; fileRef = 1D3F0A792635ADB6008DA608 /* UIView+extensions.swift */; };
		1D3F0A7F2635AE19008DA608 /* UIViewController+extensions.swift in Sources */ = {isa = PBXBuildFile; fileRef = 1D3F0A7E2635AE19008DA608 /* UIViewController+extensions.swift */; };
		1D3F0A8A2637093C008DA608 /* RateDynamics.swift in Sources */ = {isa = PBXBuildFile; fileRef = 1D3F0A892637093C008DA608 /* RateDynamics.swift */; };
		1D3F0A8F26375F4C008DA608 /* RateDynamicsService.swift in Sources */ = {isa = PBXBuildFile; fileRef = 1D3F0A8E26375F4C008DA608 /* RateDynamicsService.swift */; };
		1DAAB03D25F4175300ECAE67 /* Reducer.swift in Sources */ = {isa = PBXBuildFile; fileRef = 1DAAB03C25F4175300ECAE67 /* Reducer.swift */; };
		1DC43965262C526E00AE3AD2 /* ActivityIndicator.swift in Sources */ = {isa = PBXBuildFile; fileRef = 1DC43964262C526E00AE3AD2 /* ActivityIndicator.swift */; };
		1DC4399E262CF16F00AE3AD2 /* APIConfiguration.swift in Sources */ = {isa = PBXBuildFile; fileRef = 1DC4399D262CF16F00AE3AD2 /* APIConfiguration.swift */; };
		1DC439A3262CF6BF00AE3AD2 /* APIProvider.swift in Sources */ = {isa = PBXBuildFile; fileRef = 1DC439A2262CF6BF00AE3AD2 /* APIProvider.swift */; };
		1DC439A9262CF71E00AE3AD2 /* APIError.swift in Sources */ = {isa = PBXBuildFile; fileRef = 1DC439A8262CF71E00AE3AD2 /* APIError.swift */; };
		1DC439B1262CF74500AE3AD2 /* APIMethod.swift in Sources */ = {isa = PBXBuildFile; fileRef = 1DC439B0262CF74500AE3AD2 /* APIMethod.swift */; };
		1DC439B6262CF75F00AE3AD2 /* APIRequest.swift in Sources */ = {isa = PBXBuildFile; fileRef = 1DC439B5262CF75F00AE3AD2 /* APIRequest.swift */; };
		1DD120892631E5EE006E7485 /* XMLParsing in Frameworks */ = {isa = PBXBuildFile; productRef = 1DD120882631E5EE006E7485 /* XMLParsing */; };
		1DD1209F26320A5E006E7485 /* RateAPIModel.swift in Sources */ = {isa = PBXBuildFile; fileRef = 1DD1209E26320A5E006E7485 /* RateAPIModel.swift */; };
		1DD120D526342EDB006E7485 /* DynamicRequest.swift in Sources */ = {isa = PBXBuildFile; fileRef = 1DD120D426342EDB006E7485 /* DynamicRequest.swift */; };
		1DD120DD26343474006E7485 /* DynamicsResponse.swift in Sources */ = {isa = PBXBuildFile; fileRef = 1DD120DC26343474006E7485 /* DynamicsResponse.swift */; };
		1DD120E226343488006E7485 /* DynamicsRateAPIRecord.swift in Sources */ = {isa = PBXBuildFile; fileRef = 1DD120E126343488006E7485 /* DynamicsRateAPIRecord.swift */; };
		1DD120F726344ED9006E7485 /* CurrencyRateViewController.swift in Sources */ = {isa = PBXBuildFile; fileRef = 1DD120F626344ED9006E7485 /* CurrencyRateViewController.swift */; };
		1DD12115263499FE006E7485 /* CurrencyRateState.swift in Sources */ = {isa = PBXBuildFile; fileRef = 1DD12114263499FE006E7485 /* CurrencyRateState.swift */; };
		1DD121272634D13C006E7485 /* RatesScreen.swift in Sources */ = {isa = PBXBuildFile; fileRef = 1DD121262634D13C006E7485 /* RatesScreen.swift */; };
		1DD12133263581FE006E7485 /* Nivelir in Frameworks */ = {isa = PBXBuildFile; productRef = 1DD12132263581FE006E7485 /* Nivelir */; };
		1DD12158263587AC006E7485 /* ScreenFactory.swift in Sources */ = {isa = PBXBuildFile; fileRef = 1DD12157263587AC006E7485 /* ScreenFactory.swift */; };
		1DD1216B26358F4A006E7485 /* CurrencyRateScreen.swift in Sources */ = {isa = PBXBuildFile; fileRef = 1DD1216A26358F4A006E7485 /* CurrencyRateScreen.swift */; };
		1DE419E62554AD86000EC48D /* RatesView.swift in Sources */ = {isa = PBXBuildFile; fileRef = 1DE419E52554AD86000EC48D /* RatesView.swift */; };
		940265A7244F98D3005D53C0 /* Store.swift in Sources */ = {isa = PBXBuildFile; fileRef = 940265A6244F98D3005D53C0 /* Store.swift */; };
		940265A9244F9A83005D53C0 /* RatesReducer.swift in Sources */ = {isa = PBXBuildFile; fileRef = 940265A8244F9A83005D53C0 /* RatesReducer.swift */; };
		940265AB2450C041005D53C0 /* Effect.swift in Sources */ = {isa = PBXBuildFile; fileRef = 940265AA2450C041005D53C0 /* Effect.swift */; };
		940265AD2450C81D005D53C0 /* RatesEnvironment.swift in Sources */ = {isa = PBXBuildFile; fileRef = 940265AC2450C81D005D53C0 /* RatesEnvironment.swift */; };
		943E0ADF201354D0000C62C1 /* RatesState.swift in Sources */ = {isa = PBXBuildFile; fileRef = 943E0AD9201354CF000C62C1 /* RatesState.swift */; };
		943E0B0820135876000C62C1 /* Assets.swift in Sources */ = {isa = PBXBuildFile; fileRef = 943E0B0720135876000C62C1 /* Assets.swift */; };
		943E0B2020136938000C62C1 /* RatesViewController.swift in Sources */ = {isa = PBXBuildFile; fileRef = 943E0B1F20136938000C62C1 /* RatesViewController.swift */; };
		9451DE8220134B3600F69318 /* AppDelegate.swift in Sources */ = {isa = PBXBuildFile; fileRef = 9451DE8120134B3600F69318 /* AppDelegate.swift */; };
		9451DE8920134B3600F69318 /* Assets.xcassets in Resources */ = {isa = PBXBuildFile; fileRef = 9451DE8820134B3600F69318 /* Assets.xcassets */; };
		9451DE8C20134B3600F69318 /* LaunchScreen.storyboard in Resources */ = {isa = PBXBuildFile; fileRef = 9451DE8A20134B3600F69318 /* LaunchScreen.storyboard */; };
		9452577520137F7900684439 /* CurrencyRate.swift in Sources */ = {isa = PBXBuildFile; fileRef = 9452577420137F7900684439 /* CurrencyRate.swift */; };
		9452577F2016683E00684439 /* CentralBankAPI.swift in Sources */ = {isa = PBXBuildFile; fileRef = 9452577E2016683E00684439 /* CentralBankAPI.swift */; };
		9452578220166E4B00684439 /* RatesRequest.swift in Sources */ = {isa = PBXBuildFile; fileRef = 9452578120166E4B00684439 /* RatesRequest.swift */; };
		946278C720385EBD00645B99 /* RatesStore.xcdatamodeld in Sources */ = {isa = PBXBuildFile; fileRef = 946278C520385EBD00645B99 /* RatesStore.xcdatamodeld */; };
		946278C92038609200645B99 /* Currency.swift in Sources */ = {isa = PBXBuildFile; fileRef = 946278C82038609200645B99 /* Currency.swift */; };
		946278CC2038616900645B99 /* Rate.swift in Sources */ = {isa = PBXBuildFile; fileRef = 946278CB2038616900645B99 /* Rate.swift */; };
		946278CE2038728400645B99 /* LocalStore.swift in Sources */ = {isa = PBXBuildFile; fileRef = 946278CD2038728400645B99 /* LocalStore.swift */; };
		946278D02038790000645B99 /* RatesStore.swift in Sources */ = {isa = PBXBuildFile; fileRef = 946278CF2038790000645B99 /* RatesStore.swift */; };
		946278D62039779500645B99 /* Managed.swift in Sources */ = {isa = PBXBuildFile; fileRef = 946278D52039779500645B99 /* Managed.swift */; };
		946278D8203977BD00645B99 /* NSManagedObjectContext+Extensions.swift in Sources */ = {isa = PBXBuildFile; fileRef = 946278D7203977BD00645B99 /* NSManagedObjectContext+Extensions.swift */; };
		946278DC204AD31400645B99 /* RatesResponse.swift in Sources */ = {isa = PBXBuildFile; fileRef = 946278DB204AD31400645B99 /* RatesResponse.swift */; };
		946278DE204AECAF00645B99 /* RatesService.swift in Sources */ = {isa = PBXBuildFile; fileRef = 946278DD204AECAF00645B99 /* RatesService.swift */; };
		946278E0204AF8C600645B99 /* DateConverter.swift in Sources */ = {isa = PBXBuildFile; fileRef = 946278DF204AF8C600645B99 /* DateConverter.swift */; };
		946278E2204AF99F00645B99 /* AppServices.swift in Sources */ = {isa = PBXBuildFile; fileRef = 946278E1204AF99F00645B99 /* AppServices.swift */; };
		94729CA9206D8A170026C45D /* RatesSort.swift in Sources */ = {isa = PBXBuildFile; fileRef = 94729CA8206D8A170026C45D /* RatesSort.swift */; };
		94729CB5207005AB0026C45D /* ExchangeRates.swift in Sources */ = {isa = PBXBuildFile; fileRef = 94729CB4207005AB0026C45D /* ExchangeRates.swift */; };
		94729CB7207005DD0026C45D /* RatesError.swift in Sources */ = {isa = PBXBuildFile; fileRef = 94729CB6207005DD0026C45D /* RatesError.swift */; };
		94A61AF7201CCBEC00299A4A /* UIColor+extensions.swift in Sources */ = {isa = PBXBuildFile; fileRef = 94A61AF6201CCBEC00299A4A /* UIColor+extensions.swift */; };
/* End PBXBuildFile section */

/* Begin PBXContainerItemProxy section */
		9451DE9320134B3700F69318 /* PBXContainerItemProxy */ = {
			isa = PBXContainerItemProxy;
			containerPortal = 9451DE7620134B3600F69318 /* Project object */;
			proxyType = 1;
			remoteGlobalIDString = 9451DE7D20134B3600F69318;
			remoteInfo = CentralBank;
		};
		9451DE9E20134B3700F69318 /* PBXContainerItemProxy */ = {
			isa = PBXContainerItemProxy;
			containerPortal = 9451DE7620134B3600F69318 /* Project object */;
			proxyType = 1;
			remoteGlobalIDString = 9451DE7D20134B3600F69318;
			remoteInfo = CentralBank;
		};
/* End PBXContainerItemProxy section */

/* Begin PBXFileReference section */
		1D0FAE69253CB4EB00E8AC71 /* RateCell.swift */ = {isa = PBXFileReference; lastKnownFileType = sourcecode.swift; path = RateCell.swift; sourceTree = "<group>"; };
		1D3F0A742635ACE6008DA608 /* CurrencyRateView.swift */ = {isa = PBXFileReference; lastKnownFileType = sourcecode.swift; path = CurrencyRateView.swift; sourceTree = "<group>"; };
		1D3F0A792635ADB6008DA608 /* UIView+extensions.swift */ = {isa = PBXFileReference; lastKnownFileType = sourcecode.swift; path = "UIView+extensions.swift"; sourceTree = "<group>"; };
		1D3F0A7E2635AE19008DA608 /* UIViewController+extensions.swift */ = {isa = PBXFileReference; lastKnownFileType = sourcecode.swift; path = "UIViewController+extensions.swift"; sourceTree = "<group>"; };
		1D3F0A892637093C008DA608 /* RateDynamics.swift */ = {isa = PBXFileReference; lastKnownFileType = sourcecode.swift; path = RateDynamics.swift; sourceTree = "<group>"; };
		1D3F0A8E26375F4C008DA608 /* RateDynamicsService.swift */ = {isa = PBXFileReference; lastKnownFileType = sourcecode.swift; path = RateDynamicsService.swift; sourceTree = "<group>"; };
		1DAAB03C25F4175300ECAE67 /* Reducer.swift */ = {isa = PBXFileReference; lastKnownFileType = sourcecode.swift; path = Reducer.swift; sourceTree = "<group>"; };
		1DC43964262C526E00AE3AD2 /* ActivityIndicator.swift */ = {isa = PBXFileReference; lastKnownFileType = sourcecode.swift; path = ActivityIndicator.swift; sourceTree = "<group>"; };
		1DC4399D262CF16F00AE3AD2 /* APIConfiguration.swift */ = {isa = PBXFileReference; lastKnownFileType = sourcecode.swift; path = APIConfiguration.swift; sourceTree = "<group>"; };
		1DC439A2262CF6BF00AE3AD2 /* APIProvider.swift */ = {isa = PBXFileReference; lastKnownFileType = sourcecode.swift; path = APIProvider.swift; sourceTree = "<group>"; };
		1DC439A8262CF71E00AE3AD2 /* APIError.swift */ = {isa = PBXFileReference; lastKnownFileType = sourcecode.swift; path = APIError.swift; sourceTree = "<group>"; };
		1DC439B0262CF74500AE3AD2 /* APIMethod.swift */ = {isa = PBXFileReference; lastKnownFileType = sourcecode.swift; path = APIMethod.swift; sourceTree = "<group>"; };
		1DC439B5262CF75F00AE3AD2 /* APIRequest.swift */ = {isa = PBXFileReference; lastKnownFileType = sourcecode.swift; path = APIRequest.swift; sourceTree = "<group>"; };
		1DD1209E26320A5E006E7485 /* RateAPIModel.swift */ = {isa = PBXFileReference; lastKnownFileType = sourcecode.swift; path = RateAPIModel.swift; sourceTree = "<group>"; };
		1DD120D426342EDB006E7485 /* DynamicRequest.swift */ = {isa = PBXFileReference; lastKnownFileType = sourcecode.swift; path = DynamicRequest.swift; sourceTree = "<group>"; };
		1DD120DC26343474006E7485 /* DynamicsResponse.swift */ = {isa = PBXFileReference; lastKnownFileType = sourcecode.swift; path = DynamicsResponse.swift; sourceTree = "<group>"; };
		1DD120E126343488006E7485 /* DynamicsRateAPIRecord.swift */ = {isa = PBXFileReference; lastKnownFileType = sourcecode.swift; path = DynamicsRateAPIRecord.swift; sourceTree = "<group>"; };
		1DD120F626344ED9006E7485 /* CurrencyRateViewController.swift */ = {isa = PBXFileReference; lastKnownFileType = sourcecode.swift; path = CurrencyRateViewController.swift; sourceTree = "<group>"; };
		1DD12114263499FE006E7485 /* CurrencyRateState.swift */ = {isa = PBXFileReference; lastKnownFileType = sourcecode.swift; path = CurrencyRateState.swift; sourceTree = "<group>"; };
		1DD121262634D13C006E7485 /* RatesScreen.swift */ = {isa = PBXFileReference; lastKnownFileType = sourcecode.swift; path = RatesScreen.swift; sourceTree = "<group>"; };
		1DD12157263587AC006E7485 /* ScreenFactory.swift */ = {isa = PBXFileReference; lastKnownFileType = sourcecode.swift; path = ScreenFactory.swift; sourceTree = "<group>"; };
		1DD1216A26358F4A006E7485 /* CurrencyRateScreen.swift */ = {isa = PBXFileReference; lastKnownFileType = sourcecode.swift; path = CurrencyRateScreen.swift; sourceTree = "<group>"; };
		1DE419E52554AD86000EC48D /* RatesView.swift */ = {isa = PBXFileReference; lastKnownFileType = sourcecode.swift; path = RatesView.swift; sourceTree = "<group>"; };
		940265A6244F98D3005D53C0 /* Store.swift */ = {isa = PBXFileReference; lastKnownFileType = sourcecode.swift; path = Store.swift; sourceTree = "<group>"; };
		940265A8244F9A83005D53C0 /* RatesReducer.swift */ = {isa = PBXFileReference; lastKnownFileType = sourcecode.swift; path = RatesReducer.swift; sourceTree = "<group>"; };
		940265AA2450C041005D53C0 /* Effect.swift */ = {isa = PBXFileReference; lastKnownFileType = sourcecode.swift; path = Effect.swift; sourceTree = "<group>"; };
		940265AC2450C81D005D53C0 /* RatesEnvironment.swift */ = {isa = PBXFileReference; lastKnownFileType = sourcecode.swift; path = RatesEnvironment.swift; sourceTree = "<group>"; };
		943E0AD9201354CF000C62C1 /* RatesState.swift */ = {isa = PBXFileReference; fileEncoding = 4; lastKnownFileType = sourcecode.swift; path = RatesState.swift; sourceTree = "<group>"; };
		943E0B0720135876000C62C1 /* Assets.swift */ = {isa = PBXFileReference; fileEncoding = 4; lastKnownFileType = sourcecode.swift; path = Assets.swift; sourceTree = "<group>"; };
		943E0B1F20136938000C62C1 /* RatesViewController.swift */ = {isa = PBXFileReference; fileEncoding = 4; lastKnownFileType = sourcecode.swift; path = RatesViewController.swift; sourceTree = "<group>"; };
		9451DE7E20134B3600F69318 /* RatesUp.app */ = {isa = PBXFileReference; explicitFileType = wrapper.application; includeInIndex = 0; path = RatesUp.app; sourceTree = BUILT_PRODUCTS_DIR; };
		9451DE8120134B3600F69318 /* AppDelegate.swift */ = {isa = PBXFileReference; lastKnownFileType = sourcecode.swift; path = AppDelegate.swift; sourceTree = "<group>"; };
		9451DE8820134B3600F69318 /* Assets.xcassets */ = {isa = PBXFileReference; lastKnownFileType = folder.assetcatalog; path = Assets.xcassets; sourceTree = "<group>"; };
		9451DE8B20134B3600F69318 /* Base */ = {isa = PBXFileReference; lastKnownFileType = file.storyboard; name = Base; path = Base.lproj/LaunchScreen.storyboard; sourceTree = "<group>"; };
		9451DE8D20134B3600F69318 /* Info.plist */ = {isa = PBXFileReference; lastKnownFileType = text.plist.xml; path = Info.plist; sourceTree = "<group>"; };
		9451DE9220134B3700F69318 /* RatesUpTests.xctest */ = {isa = PBXFileReference; explicitFileType = wrapper.cfbundle; includeInIndex = 0; path = RatesUpTests.xctest; sourceTree = BUILT_PRODUCTS_DIR; };
		9451DE9820134B3700F69318 /* Info.plist */ = {isa = PBXFileReference; lastKnownFileType = text.plist.xml; path = Info.plist; sourceTree = "<group>"; };
		9451DE9D20134B3700F69318 /* RatesUpUITests.xctest */ = {isa = PBXFileReference; explicitFileType = wrapper.cfbundle; includeInIndex = 0; path = RatesUpUITests.xctest; sourceTree = BUILT_PRODUCTS_DIR; };
		9451DEA320134B3700F69318 /* Info.plist */ = {isa = PBXFileReference; lastKnownFileType = text.plist.xml; path = Info.plist; sourceTree = "<group>"; };
		9452577420137F7900684439 /* CurrencyRate.swift */ = {isa = PBXFileReference; lastKnownFileType = sourcecode.swift; path = CurrencyRate.swift; sourceTree = "<group>"; };
		9452577E2016683E00684439 /* CentralBankAPI.swift */ = {isa = PBXFileReference; lastKnownFileType = sourcecode.swift; path = CentralBankAPI.swift; sourceTree = "<group>"; };
		9452578120166E4B00684439 /* RatesRequest.swift */ = {isa = PBXFileReference; lastKnownFileType = sourcecode.swift; path = RatesRequest.swift; sourceTree = "<group>"; };
		946278C620385EBD00645B99 /* CentralBankStore.xcdatamodel */ = {isa = PBXFileReference; lastKnownFileType = wrapper.xcdatamodel; path = CentralBankStore.xcdatamodel; sourceTree = "<group>"; };
		946278C82038609200645B99 /* Currency.swift */ = {isa = PBXFileReference; lastKnownFileType = sourcecode.swift; path = Currency.swift; sourceTree = "<group>"; };
		946278CB2038616900645B99 /* Rate.swift */ = {isa = PBXFileReference; lastKnownFileType = sourcecode.swift; path = Rate.swift; sourceTree = "<group>"; };
		946278CD2038728400645B99 /* LocalStore.swift */ = {isa = PBXFileReference; lastKnownFileType = sourcecode.swift; path = LocalStore.swift; sourceTree = "<group>"; };
		946278CF2038790000645B99 /* RatesStore.swift */ = {isa = PBXFileReference; lastKnownFileType = sourcecode.swift; path = RatesStore.swift; sourceTree = "<group>"; };
		946278D52039779500645B99 /* Managed.swift */ = {isa = PBXFileReference; lastKnownFileType = sourcecode.swift; path = Managed.swift; sourceTree = "<group>"; };
		946278D7203977BD00645B99 /* NSManagedObjectContext+Extensions.swift */ = {isa = PBXFileReference; lastKnownFileType = sourcecode.swift; path = "NSManagedObjectContext+Extensions.swift"; sourceTree = "<group>"; };
		946278DB204AD31400645B99 /* RatesResponse.swift */ = {isa = PBXFileReference; lastKnownFileType = sourcecode.swift; path = RatesResponse.swift; sourceTree = "<group>"; };
		946278DD204AECAF00645B99 /* RatesService.swift */ = {isa = PBXFileReference; lastKnownFileType = sourcecode.swift; path = RatesService.swift; sourceTree = "<group>"; };
		946278DF204AF8C600645B99 /* DateConverter.swift */ = {isa = PBXFileReference; lastKnownFileType = sourcecode.swift; path = DateConverter.swift; sourceTree = "<group>"; };
		946278E1204AF99F00645B99 /* AppServices.swift */ = {isa = PBXFileReference; lastKnownFileType = sourcecode.swift; path = AppServices.swift; sourceTree = "<group>"; };
		946278E3204AFDD700645B99 /* RatesUp.entitlements */ = {isa = PBXFileReference; lastKnownFileType = text.plist.entitlements; path = RatesUp.entitlements; sourceTree = "<group>"; };
		94729CA8206D8A170026C45D /* RatesSort.swift */ = {isa = PBXFileReference; lastKnownFileType = sourcecode.swift; path = RatesSort.swift; sourceTree = "<group>"; };
		94729CB4207005AB0026C45D /* ExchangeRates.swift */ = {isa = PBXFileReference; lastKnownFileType = sourcecode.swift; path = ExchangeRates.swift; sourceTree = "<group>"; };
		94729CB6207005DD0026C45D /* RatesError.swift */ = {isa = PBXFileReference; lastKnownFileType = sourcecode.swift; path = RatesError.swift; sourceTree = "<group>"; };
		94A61AF6201CCBEC00299A4A /* UIColor+extensions.swift */ = {isa = PBXFileReference; lastKnownFileType = sourcecode.swift; path = "UIColor+extensions.swift"; sourceTree = "<group>"; };
/* End PBXFileReference section */

/* Begin PBXFrameworksBuildPhase section */
		9451DE7B20134B3600F69318 /* Frameworks */ = {
			isa = PBXFrameworksBuildPhase;
			buildActionMask = 2147483647;
			files = (
				1DD12133263581FE006E7485 /* Nivelir in Frameworks */,
				1DD120892631E5EE006E7485 /* XMLParsing in Frameworks */,
			);
			runOnlyForDeploymentPostprocessing = 0;
		};
		9451DE8F20134B3700F69318 /* Frameworks */ = {
			isa = PBXFrameworksBuildPhase;
			buildActionMask = 2147483647;
			files = (
			);
			runOnlyForDeploymentPostprocessing = 0;
		};
		9451DE9A20134B3700F69318 /* Frameworks */ = {
			isa = PBXFrameworksBuildPhase;
			buildActionMask = 2147483647;
			files = (
			);
			runOnlyForDeploymentPostprocessing = 0;
		};
/* End PBXFrameworksBuildPhase section */

/* Begin PBXGroup section */
		1DC43963262C525B00AE3AD2 /* UI */ = {
			isa = PBXGroup;
			children = (
				1DC43964262C526E00AE3AD2 /* ActivityIndicator.swift */,
			);
			path = UI;
			sourceTree = "<group>";
		};
		1DC43999262CDE0C00AE3AD2 /* API */ = {
			isa = PBXGroup;
			children = (
				1DC439A7262CF71000AE3AD2 /* Models */,
				1DC439A2262CF6BF00AE3AD2 /* APIProvider.swift */,
				1DC4399D262CF16F00AE3AD2 /* APIConfiguration.swift */,
			);
			path = API;
			sourceTree = "<group>";
		};
		1DC439A7262CF71000AE3AD2 /* Models */ = {
			isa = PBXGroup;
			children = (
				1DC439A8262CF71E00AE3AD2 /* APIError.swift */,
				1DC439B0262CF74500AE3AD2 /* APIMethod.swift */,
				1DC439B5262CF75F00AE3AD2 /* APIRequest.swift */,
			);
			path = Models;
			sourceTree = "<group>";
		};
		1DD120D326342EB6006E7485 /* Dynamic */ = {
			isa = PBXGroup;
			children = (
				1DD120D426342EDB006E7485 /* DynamicRequest.swift */,
				1DD120DC26343474006E7485 /* DynamicsResponse.swift */,
				1DD120E126343488006E7485 /* DynamicsRateAPIRecord.swift */,
			);
			path = Dynamic;
			sourceTree = "<group>";
		};
		1DD120F526344EB9006E7485 /* CurrencyRate */ = {
			isa = PBXGroup;
			children = (
				1DD12113263499D7006E7485 /* State */,
				1DD1216926358F37006E7485 /* View */,
				1DD1216A26358F4A006E7485 /* CurrencyRateScreen.swift */,
			);
			path = CurrencyRate;
			sourceTree = "<group>";
		};
		1DD12113263499D7006E7485 /* State */ = {
			isa = PBXGroup;
			children = (
				1DD12114263499FE006E7485 /* CurrencyRateState.swift */,
			);
			path = State;
			sourceTree = "<group>";
		};
		1DD1214326358672006E7485 /* State */ = {
			isa = PBXGroup;
			children = (
				940265AC2450C81D005D53C0 /* RatesEnvironment.swift */,
				940265A8244F9A83005D53C0 /* RatesReducer.swift */,
				943E0AD9201354CF000C62C1 /* RatesState.swift */,
			);
			path = State;
			sourceTree = "<group>";
		};
		1DD1215F26358E0B006E7485 /* View */ = {
			isa = PBXGroup;
			children = (
				943E0B0F201359F8000C62C1 /* List */,
				943E0B1F20136938000C62C1 /* RatesViewController.swift */,
			);
			path = View;
			sourceTree = "<group>";
		};
		1DD1216926358F37006E7485 /* View */ = {
			isa = PBXGroup;
			children = (
				1D3F0A742635ACE6008DA608 /* CurrencyRateView.swift */,
				1DD120F626344ED9006E7485 /* CurrencyRateViewController.swift */,
			);
			path = View;
			sourceTree = "<group>";
		};
		943E0AD72013544B000C62C1 /* Screens */ = {
			isa = PBXGroup;
			children = (
				943E0B1A20136199000C62C1 /* Launch */,
				943E0B0C201359AB000C62C1 /* Rates */,
				1DD120F526344EB9006E7485 /* CurrencyRate */,
				1DD12157263587AC006E7485 /* ScreenFactory.swift */,
			);
			path = Screens;
			sourceTree = "<group>";
		};
		943E0AD820135457000C62C1 /* Architecture */ = {
			isa = PBXGroup;
			children = (
				940265A6244F98D3005D53C0 /* Store.swift */,
				940265AA2450C041005D53C0 /* Effect.swift */,
				1DAAB03C25F4175300ECAE67 /* Reducer.swift */,
			);
			path = Architecture;
			sourceTree = "<group>";
		};
		943E0AFB20135723000C62C1 /* Resources */ = {
			isa = PBXGroup;
			children = (
				943E0B0620135862000C62C1 /* Assets */,
				9451DE8D20134B3600F69318 /* Info.plist */,
			);
			path = Resources;
			sourceTree = "<group>";
		};
		943E0B0620135862000C62C1 /* Assets */ = {
			isa = PBXGroup;
			children = (
				943E0B0720135876000C62C1 /* Assets.swift */,
				9451DE8820134B3600F69318 /* Assets.xcassets */,
			);
			path = Assets;
			sourceTree = "<group>";
		};
		943E0B0C201359AB000C62C1 /* Rates */ = {
			isa = PBXGroup;
			children = (
				1DD1214326358672006E7485 /* State */,
				1DD1215F26358E0B006E7485 /* View */,
				1DD121262634D13C006E7485 /* RatesScreen.swift */,
			);
			path = Rates;
			sourceTree = "<group>";
		};
		943E0B0F201359F8000C62C1 /* List */ = {
			isa = PBXGroup;
			children = (
				1D0FAE69253CB4EB00E8AC71 /* RateCell.swift */,
				1DE419E52554AD86000EC48D /* RatesView.swift */,
			);
			path = List;
			sourceTree = "<group>";
		};
		943E0B1720135DBE000C62C1 /* Extensions */ = {
			isa = PBXGroup;
			children = (
				94A61AF6201CCBEC00299A4A /* UIColor+extensions.swift */,
				1D3F0A792635ADB6008DA608 /* UIView+extensions.swift */,
				1D3F0A7E2635AE19008DA608 /* UIViewController+extensions.swift */,
			);
			path = Extensions;
			sourceTree = "<group>";
		};
		943E0B1A20136199000C62C1 /* Launch */ = {
			isa = PBXGroup;
			children = (
				9451DE8A20134B3600F69318 /* LaunchScreen.storyboard */,
			);
			path = Launch;
			sourceTree = "<group>";
		};
		9451DE7520134B3600F69318 = {
			isa = PBXGroup;
			children = (
				9451DE8020134B3600F69318 /* RatesUp */,
				9451DE9520134B3700F69318 /* RatesUpTests */,
				9451DEA020134B3700F69318 /* RatesUpUITests */,
				9451DE7F20134B3600F69318 /* Products */,
			);
			sourceTree = "<group>";
		};
		9451DE7F20134B3600F69318 /* Products */ = {
			isa = PBXGroup;
			children = (
				9451DE7E20134B3600F69318 /* RatesUp.app */,
				9451DE9220134B3700F69318 /* RatesUpTests.xctest */,
				9451DE9D20134B3700F69318 /* RatesUpUITests.xctest */,
			);
			name = Products;
			sourceTree = "<group>";
		};
		9451DE8020134B3600F69318 /* RatesUp */ = {
			isa = PBXGroup;
			children = (
				946278E3204AFDD700645B99 /* RatesUp.entitlements */,
				943E0AD820135457000C62C1 /* Architecture */,
				943E0B1720135DBE000C62C1 /* Extensions */,
				943E0AFB20135723000C62C1 /* Resources */,
				943E0AD72013544B000C62C1 /* Screens */,
				1DC43963262C525B00AE3AD2 /* UI */,
				9452577C2016680000684439 /* Services */,
				9451DE8120134B3600F69318 /* AppDelegate.swift */,
			);
			path = RatesUp;
			sourceTree = "<group>";
		};
		9451DE9520134B3700F69318 /* RatesUpTests */ = {
			isa = PBXGroup;
			children = (
				9451DE9820134B3700F69318 /* Info.plist */,
			);
			path = RatesUpTests;
			sourceTree = "<group>";
		};
		9451DEA020134B3700F69318 /* RatesUpUITests */ = {
			isa = PBXGroup;
			children = (
				9451DEA320134B3700F69318 /* Info.plist */,
			);
			path = RatesUpUITests;
			sourceTree = "<group>";
		};
		9452577C2016680000684439 /* Services */ = {
			isa = PBXGroup;
			children = (
				1DC43999262CDE0C00AE3AD2 /* API */,
				94729CB32070059B0026C45D /* Models */,
				94A61AFA201D090100299A4A /* Store */,
				9452577D2016681300684439 /* CentralBankAPI */,
				946278DD204AECAF00645B99 /* RatesService.swift */,
				1D3F0A8E26375F4C008DA608 /* RateDynamicsService.swift */,
				946278DF204AF8C600645B99 /* DateConverter.swift */,
				946278E1204AF99F00645B99 /* AppServices.swift */,
			);
			path = Services;
			sourceTree = "<group>";
		};
		9452577D2016681300684439 /* CentralBankAPI */ = {
			isa = PBXGroup;
			children = (
				1DD120D326342EB6006E7485 /* Dynamic */,
				945257802016686A00684439 /* Rates */,
				9452577E2016683E00684439 /* CentralBankAPI.swift */,
			);
			path = CentralBankAPI;
			sourceTree = "<group>";
		};
		945257802016686A00684439 /* Rates */ = {
			isa = PBXGroup;
			children = (
				9452578120166E4B00684439 /* RatesRequest.swift */,
				946278DB204AD31400645B99 /* RatesResponse.swift */,
				1DD1209E26320A5E006E7485 /* RateAPIModel.swift */,
			);
			path = Rates;
			sourceTree = "<group>";
		};
		946278CA203860BE00645B99 /* Models */ = {
			isa = PBXGroup;
			children = (
				946278C82038609200645B99 /* Currency.swift */,
				946278CB2038616900645B99 /* Rate.swift */,
				946278D52039779500645B99 /* Managed.swift */,
				946278D7203977BD00645B99 /* NSManagedObjectContext+Extensions.swift */,
			);
			path = Models;
			sourceTree = "<group>";
		};
		94729CB32070059B0026C45D /* Models */ = {
			isa = PBXGroup;
			children = (
				94729CA8206D8A170026C45D /* RatesSort.swift */,
				9452577420137F7900684439 /* CurrencyRate.swift */,
				94729CB4207005AB0026C45D /* ExchangeRates.swift */,
				94729CB6207005DD0026C45D /* RatesError.swift */,
				1D3F0A892637093C008DA608 /* RateDynamics.swift */,
			);
			path = Models;
			sourceTree = "<group>";
		};
		94A61AFA201D090100299A4A /* Store */ = {
			isa = PBXGroup;
			children = (
				946278CA203860BE00645B99 /* Models */,
				946278C520385EBD00645B99 /* RatesStore.xcdatamodeld */,
				946278CD2038728400645B99 /* LocalStore.swift */,
				946278CF2038790000645B99 /* RatesStore.swift */,
			);
			path = Store;
			sourceTree = "<group>";
		};
/* End PBXGroup section */

/* Begin PBXNativeTarget section */
		9451DE7D20134B3600F69318 /* RatesUp */ = {
			isa = PBXNativeTarget;
			buildConfigurationList = 9451DEA620134B3700F69318 /* Build configuration list for PBXNativeTarget "RatesUp" */;
			buildPhases = (
				9451DE7A20134B3600F69318 /* Sources */,
				9451DE7B20134B3600F69318 /* Frameworks */,
				9451DE7C20134B3600F69318 /* Resources */,
			);
			buildRules = (
			);
			dependencies = (
			);
			name = RatesUp;
			packageProductDependencies = (
				1DD120882631E5EE006E7485 /* XMLParsing */,
				1DD12132263581FE006E7485 /* Nivelir */,
			);
			productName = CentralBank;
			productReference = 9451DE7E20134B3600F69318 /* RatesUp.app */;
			productType = "com.apple.product-type.application";
		};
		9451DE9120134B3700F69318 /* RatesUpTests */ = {
			isa = PBXNativeTarget;
			buildConfigurationList = 9451DEA920134B3700F69318 /* Build configuration list for PBXNativeTarget "RatesUpTests" */;
			buildPhases = (
				9451DE8E20134B3700F69318 /* Sources */,
				9451DE8F20134B3700F69318 /* Frameworks */,
				9451DE9020134B3700F69318 /* Resources */,
			);
			buildRules = (
			);
			dependencies = (
				9451DE9420134B3700F69318 /* PBXTargetDependency */,
			);
			name = RatesUpTests;
			productName = RatesUpTests;
			productReference = 9451DE9220134B3700F69318 /* RatesUpTests.xctest */;
			productType = "com.apple.product-type.bundle.unit-test";
		};
		9451DE9C20134B3700F69318 /* RatesUpUITests */ = {
			isa = PBXNativeTarget;
			buildConfigurationList = 9451DEAC20134B3700F69318 /* Build configuration list for PBXNativeTarget "RatesUpUITests" */;
			buildPhases = (
				9451DE9920134B3700F69318 /* Sources */,
				9451DE9A20134B3700F69318 /* Frameworks */,
				9451DE9B20134B3700F69318 /* Resources */,
			);
			buildRules = (
			);
			dependencies = (
				9451DE9F20134B3700F69318 /* PBXTargetDependency */,
			);
			name = RatesUpUITests;
			productName = RatesUpUITests;
			productReference = 9451DE9D20134B3700F69318 /* RatesUpUITests.xctest */;
			productType = "com.apple.product-type.bundle.ui-testing";
		};
/* End PBXNativeTarget section */

/* Begin PBXProject section */
		9451DE7620134B3600F69318 /* Project object */ = {
			isa = PBXProject;
			attributes = {
				LastSwiftUpdateCheck = 0920;
				LastUpgradeCheck = 1200;
				ORGANIZATIONNAME = "Matyushenko Maxim";
				TargetAttributes = {
					9451DE7D20134B3600F69318 = {
						CreatedOnToolsVersion = 9.2;
						LastSwiftMigration = 1140;
						ProvisioningStyle = Manual;
						SystemCapabilities = {
							com.apple.ApplicationGroups.iOS = {
								enabled = 1;
							};
						};
					};
					9451DE9120134B3700F69318 = {
						CreatedOnToolsVersion = 9.2;
						LastSwiftMigration = 1140;
						ProvisioningStyle = Automatic;
						TestTargetID = 9451DE7D20134B3600F69318;
					};
					9451DE9C20134B3700F69318 = {
						CreatedOnToolsVersion = 9.2;
						LastSwiftMigration = 1140;
						ProvisioningStyle = Automatic;
						TestTargetID = 9451DE7D20134B3600F69318;
					};
				};
			};
			buildConfigurationList = 9451DE7920134B3600F69318 /* Build configuration list for PBXProject "RatesUp" */;
			compatibilityVersion = "Xcode 8.0";
			developmentRegion = en;
			hasScannedForEncodings = 0;
			knownRegions = (
				en,
				Base,
			);
			mainGroup = 9451DE7520134B3600F69318;
			packageReferences = (
				1DD120872631E5EE006E7485 /* XCRemoteSwiftPackageReference "XMLParsing" */,
				1DD12131263581FE006E7485 /* XCRemoteSwiftPackageReference "Nivelir" */,
			);
			productRefGroup = 9451DE7F20134B3600F69318 /* Products */;
			projectDirPath = "";
			projectRoot = "";
			targets = (
				9451DE7D20134B3600F69318 /* RatesUp */,
				9451DE9120134B3700F69318 /* RatesUpTests */,
				9451DE9C20134B3700F69318 /* RatesUpUITests */,
			);
		};
/* End PBXProject section */

/* Begin PBXResourcesBuildPhase section */
		9451DE7C20134B3600F69318 /* Resources */ = {
			isa = PBXResourcesBuildPhase;
			buildActionMask = 2147483647;
			files = (
				9451DE8C20134B3600F69318 /* LaunchScreen.storyboard in Resources */,
				9451DE8920134B3600F69318 /* Assets.xcassets in Resources */,
			);
			runOnlyForDeploymentPostprocessing = 0;
		};
		9451DE9020134B3700F69318 /* Resources */ = {
			isa = PBXResourcesBuildPhase;
			buildActionMask = 2147483647;
			files = (
			);
			runOnlyForDeploymentPostprocessing = 0;
		};
		9451DE9B20134B3700F69318 /* Resources */ = {
			isa = PBXResourcesBuildPhase;
			buildActionMask = 2147483647;
			files = (
			);
			runOnlyForDeploymentPostprocessing = 0;
		};
/* End PBXResourcesBuildPhase section */

/* Begin PBXSourcesBuildPhase section */
		9451DE7A20134B3600F69318 /* Sources */ = {
			isa = PBXSourcesBuildPhase;
			buildActionMask = 2147483647;
			files = (
				94A61AF7201CCBEC00299A4A /* UIColor+extensions.swift in Sources */,
				1DD12158263587AC006E7485 /* ScreenFactory.swift in Sources */,
				1DAAB03D25F4175300ECAE67 /* Reducer.swift in Sources */,
				946278CC2038616900645B99 /* Rate.swift in Sources */,
				940265A7244F98D3005D53C0 /* Store.swift in Sources */,
				1DD1209F26320A5E006E7485 /* RateAPIModel.swift in Sources */,
				943E0ADF201354D0000C62C1 /* RatesState.swift in Sources */,
				946278D62039779500645B99 /* Managed.swift in Sources */,
				946278E2204AF99F00645B99 /* AppServices.swift in Sources */,
				94729CB5207005AB0026C45D /* ExchangeRates.swift in Sources */,
				94729CB7207005DD0026C45D /* RatesError.swift in Sources */,
				9452577520137F7900684439 /* CurrencyRate.swift in Sources */,
				1DD121272634D13C006E7485 /* RatesScreen.swift in Sources */,
				1DC439A9262CF71E00AE3AD2 /* APIError.swift in Sources */,
				940265AD2450C81D005D53C0 /* RatesEnvironment.swift in Sources */,
				946278D02038790000645B99 /* RatesStore.swift in Sources */,
				943E0B2020136938000C62C1 /* RatesViewController.swift in Sources */,
				946278D8203977BD00645B99 /* NSManagedObjectContext+Extensions.swift in Sources */,
				946278E0204AF8C600645B99 /* DateConverter.swift in Sources */,
				1DD120E226343488006E7485 /* DynamicsRateAPIRecord.swift in Sources */,
				1DC439B1262CF74500AE3AD2 /* APIMethod.swift in Sources */,
				1DC43965262C526E00AE3AD2 /* ActivityIndicator.swift in Sources */,
				1DD1216B26358F4A006E7485 /* CurrencyRateScreen.swift in Sources */,
				1D0FAE6A253CB4EB00E8AC71 /* RateCell.swift in Sources */,
				1DE419E62554AD86000EC48D /* RatesView.swift in Sources */,
				1DC4399E262CF16F00AE3AD2 /* APIConfiguration.swift in Sources */,
				1DD120DD26343474006E7485 /* DynamicsResponse.swift in Sources */,
				943E0B0820135876000C62C1 /* Assets.swift in Sources */,
				946278DC204AD31400645B99 /* RatesResponse.swift in Sources */,
				940265A9244F9A83005D53C0 /* RatesReducer.swift in Sources */,
				940265AB2450C041005D53C0 /* Effect.swift in Sources */,
				1DD120D526342EDB006E7485 /* DynamicRequest.swift in Sources */,
				1DC439B6262CF75F00AE3AD2 /* APIRequest.swift in Sources */,
				1D3F0A8A2637093C008DA608 /* RateDynamics.swift in Sources */,
				1D3F0A8F26375F4C008DA608 /* RateDynamicsService.swift in Sources */,
				946278DE204AECAF00645B99 /* RatesService.swift in Sources */,
				9452577F2016683E00684439 /* CentralBankAPI.swift in Sources */,
				946278CE2038728400645B99 /* LocalStore.swift in Sources */,
				1DD120F726344ED9006E7485 /* CurrencyRateViewController.swift in Sources */,
				946278C720385EBD00645B99 /* RatesStore.xcdatamodeld in Sources */,
				9451DE8220134B3600F69318 /* AppDelegate.swift in Sources */,
				1D3F0A752635ACE6008DA608 /* CurrencyRateView.swift in Sources */,
				94729CA9206D8A170026C45D /* RatesSort.swift in Sources */,
				1D3F0A7F2635AE19008DA608 /* UIViewController+extensions.swift in Sources */,
				946278C92038609200645B99 /* Currency.swift in Sources */,
				1DD12115263499FE006E7485 /* CurrencyRateState.swift in Sources */,
				1DC439A3262CF6BF00AE3AD2 /* APIProvider.swift in Sources */,
				1D3F0A7A2635ADB6008DA608 /* UIView+extensions.swift in Sources */,
				9452578220166E4B00684439 /* RatesRequest.swift in Sources */,
			);
			runOnlyForDeploymentPostprocessing = 0;
		};
		9451DE8E20134B3700F69318 /* Sources */ = {
			isa = PBXSourcesBuildPhase;
			buildActionMask = 2147483647;
			files = (
			);
			runOnlyForDeploymentPostprocessing = 0;
		};
		9451DE9920134B3700F69318 /* Sources */ = {
			isa = PBXSourcesBuildPhase;
			buildActionMask = 2147483647;
			files = (
			);
			runOnlyForDeploymentPostprocessing = 0;
		};
/* End PBXSourcesBuildPhase section */

/* Begin PBXTargetDependency section */
		9451DE9420134B3700F69318 /* PBXTargetDependency */ = {
			isa = PBXTargetDependency;
			target = 9451DE7D20134B3600F69318 /* RatesUp */;
			targetProxy = 9451DE9320134B3700F69318 /* PBXContainerItemProxy */;
		};
		9451DE9F20134B3700F69318 /* PBXTargetDependency */ = {
			isa = PBXTargetDependency;
			target = 9451DE7D20134B3600F69318 /* RatesUp */;
			targetProxy = 9451DE9E20134B3700F69318 /* PBXContainerItemProxy */;
		};
/* End PBXTargetDependency section */

/* Begin PBXVariantGroup section */
		9451DE8A20134B3600F69318 /* LaunchScreen.storyboard */ = {
			isa = PBXVariantGroup;
			children = (
				9451DE8B20134B3600F69318 /* Base */,
			);
			name = LaunchScreen.storyboard;
			sourceTree = "<group>";
		};
/* End PBXVariantGroup section */

/* Begin XCBuildConfiguration section */
		9451DEA420134B3700F69318 /* Debug */ = {
			isa = XCBuildConfiguration;
			buildSettings = {
				ALWAYS_SEARCH_USER_PATHS = NO;
				CLANG_ANALYZER_NONNULL = YES;
				CLANG_ANALYZER_NUMBER_OBJECT_CONVERSION = YES_AGGRESSIVE;
				CLANG_CXX_LANGUAGE_STANDARD = "gnu++14";
				CLANG_CXX_LIBRARY = "libc++";
				CLANG_ENABLE_MODULES = YES;
				CLANG_ENABLE_OBJC_ARC = YES;
				CLANG_WARN_BLOCK_CAPTURE_AUTORELEASING = YES;
				CLANG_WARN_BOOL_CONVERSION = YES;
				CLANG_WARN_COMMA = YES;
				CLANG_WARN_CONSTANT_CONVERSION = YES;
				CLANG_WARN_DEPRECATED_OBJC_IMPLEMENTATIONS = YES;
				CLANG_WARN_DIRECT_OBJC_ISA_USAGE = YES_ERROR;
				CLANG_WARN_DOCUMENTATION_COMMENTS = YES;
				CLANG_WARN_EMPTY_BODY = YES;
				CLANG_WARN_ENUM_CONVERSION = YES;
				CLANG_WARN_INFINITE_RECURSION = YES;
				CLANG_WARN_INT_CONVERSION = YES;
				CLANG_WARN_NON_LITERAL_NULL_CONVERSION = YES;
				CLANG_WARN_OBJC_IMPLICIT_RETAIN_SELF = YES;
				CLANG_WARN_OBJC_LITERAL_CONVERSION = YES;
				CLANG_WARN_OBJC_ROOT_CLASS = YES_ERROR;
				CLANG_WARN_QUOTED_INCLUDE_IN_FRAMEWORK_HEADER = YES;
				CLANG_WARN_RANGE_LOOP_ANALYSIS = YES;
				CLANG_WARN_STRICT_PROTOTYPES = YES;
				CLANG_WARN_SUSPICIOUS_MOVE = YES;
				CLANG_WARN_UNGUARDED_AVAILABILITY = YES_AGGRESSIVE;
				CLANG_WARN_UNREACHABLE_CODE = YES;
				CLANG_WARN__DUPLICATE_METHOD_MATCH = YES;
				CODE_SIGN_IDENTITY = "iPhone Developer";
				COPY_PHASE_STRIP = NO;
				DEBUG_INFORMATION_FORMAT = dwarf;
				ENABLE_STRICT_OBJC_MSGSEND = YES;
				ENABLE_TESTABILITY = YES;
				GCC_C_LANGUAGE_STANDARD = gnu11;
				GCC_DYNAMIC_NO_PIC = NO;
				GCC_NO_COMMON_BLOCKS = YES;
				GCC_OPTIMIZATION_LEVEL = 0;
				GCC_PREPROCESSOR_DEFINITIONS = (
					"DEBUG=1",
					"$(inherited)",
				);
				GCC_WARN_64_TO_32_BIT_CONVERSION = YES;
				GCC_WARN_ABOUT_RETURN_TYPE = YES_ERROR;
				GCC_WARN_UNDECLARED_SELECTOR = YES;
				GCC_WARN_UNINITIALIZED_AUTOS = YES_AGGRESSIVE;
				GCC_WARN_UNUSED_FUNCTION = YES;
				GCC_WARN_UNUSED_VARIABLE = YES;
				IPHONEOS_DEPLOYMENT_TARGET = 14.1;
				MTL_ENABLE_DEBUG_INFO = YES;
				ONLY_ACTIVE_ARCH = YES;
				SDKROOT = iphoneos;
				SWIFT_ACTIVE_COMPILATION_CONDITIONS = DEBUG;
				SWIFT_OPTIMIZATION_LEVEL = "-Onone";
			};
			name = Debug;
		};
		9451DEA520134B3700F69318 /* Release */ = {
			isa = XCBuildConfiguration;
			buildSettings = {
				ALWAYS_SEARCH_USER_PATHS = NO;
				CLANG_ANALYZER_NONNULL = YES;
				CLANG_ANALYZER_NUMBER_OBJECT_CONVERSION = YES_AGGRESSIVE;
				CLANG_CXX_LANGUAGE_STANDARD = "gnu++14";
				CLANG_CXX_LIBRARY = "libc++";
				CLANG_ENABLE_MODULES = YES;
				CLANG_ENABLE_OBJC_ARC = YES;
				CLANG_WARN_BLOCK_CAPTURE_AUTORELEASING = YES;
				CLANG_WARN_BOOL_CONVERSION = YES;
				CLANG_WARN_COMMA = YES;
				CLANG_WARN_CONSTANT_CONVERSION = YES;
				CLANG_WARN_DEPRECATED_OBJC_IMPLEMENTATIONS = YES;
				CLANG_WARN_DIRECT_OBJC_ISA_USAGE = YES_ERROR;
				CLANG_WARN_DOCUMENTATION_COMMENTS = YES;
				CLANG_WARN_EMPTY_BODY = YES;
				CLANG_WARN_ENUM_CONVERSION = YES;
				CLANG_WARN_INFINITE_RECURSION = YES;
				CLANG_WARN_INT_CONVERSION = YES;
				CLANG_WARN_NON_LITERAL_NULL_CONVERSION = YES;
				CLANG_WARN_OBJC_IMPLICIT_RETAIN_SELF = YES;
				CLANG_WARN_OBJC_LITERAL_CONVERSION = YES;
				CLANG_WARN_OBJC_ROOT_CLASS = YES_ERROR;
				CLANG_WARN_QUOTED_INCLUDE_IN_FRAMEWORK_HEADER = YES;
				CLANG_WARN_RANGE_LOOP_ANALYSIS = YES;
				CLANG_WARN_STRICT_PROTOTYPES = YES;
				CLANG_WARN_SUSPICIOUS_MOVE = YES;
				CLANG_WARN_UNGUARDED_AVAILABILITY = YES_AGGRESSIVE;
				CLANG_WARN_UNREACHABLE_CODE = YES;
				CLANG_WARN__DUPLICATE_METHOD_MATCH = YES;
				CODE_SIGN_IDENTITY = "iPhone Developer";
				COPY_PHASE_STRIP = NO;
				DEBUG_INFORMATION_FORMAT = "dwarf-with-dsym";
				ENABLE_NS_ASSERTIONS = NO;
				ENABLE_STRICT_OBJC_MSGSEND = YES;
				GCC_C_LANGUAGE_STANDARD = gnu11;
				GCC_NO_COMMON_BLOCKS = YES;
				GCC_WARN_64_TO_32_BIT_CONVERSION = YES;
				GCC_WARN_ABOUT_RETURN_TYPE = YES_ERROR;
				GCC_WARN_UNDECLARED_SELECTOR = YES;
				GCC_WARN_UNINITIALIZED_AUTOS = YES_AGGRESSIVE;
				GCC_WARN_UNUSED_FUNCTION = YES;
				GCC_WARN_UNUSED_VARIABLE = YES;
				IPHONEOS_DEPLOYMENT_TARGET = 14.1;
				MTL_ENABLE_DEBUG_INFO = NO;
				SDKROOT = iphoneos;
				SWIFT_COMPILATION_MODE = wholemodule;
				SWIFT_OPTIMIZATION_LEVEL = "-O";
				VALIDATE_PRODUCT = YES;
			};
			name = Release;
		};
		9451DEA720134B3700F69318 /* Debug */ = {
			isa = XCBuildConfiguration;
			buildSettings = {
				ASSETCATALOG_COMPILER_APPICON_NAME = AppIcon;
				CODE_SIGN_ENTITLEMENTS = RatesUp/RatesUp.entitlements;
				CODE_SIGN_STYLE = Manual;
				DEVELOPMENT_TEAM = 6L2SX9VHNH;
				INFOPLIST_FILE = RatesUp/Resources/Info.plist;
				LD_RUNPATH_SEARCH_PATHS = (
					"$(inherited)",
					"@executable_path/Frameworks",
				);
				PRODUCT_BUNDLE_IDENTIFIER = ru.madmaxmv.ratesup;
				PRODUCT_NAME = RatesUp;
				PROVISIONING_PROFILE_SPECIFIER = "";
				SWIFT_VERSION = 5.0;
				TARGETED_DEVICE_FAMILY = "1,2";
			};
			name = Debug;
		};
		9451DEA820134B3700F69318 /* Release */ = {
			isa = XCBuildConfiguration;
			buildSettings = {
				ASSETCATALOG_COMPILER_APPICON_NAME = AppIcon;
				CODE_SIGN_ENTITLEMENTS = RatesUp/RatesUp.entitlements;
				CODE_SIGN_STYLE = Manual;
				DEVELOPMENT_TEAM = HQ576M92UA;
				INFOPLIST_FILE = RatesUp/Resources/Info.plist;
				LD_RUNPATH_SEARCH_PATHS = (
					"$(inherited)",
					"@executable_path/Frameworks",
				);
				PRODUCT_BUNDLE_IDENTIFIER = ru.madmaxmv.ratesup;
				PRODUCT_NAME = RatesUp;
				PROVISIONING_PROFILE_SPECIFIER = "";
				SWIFT_VERSION = 5.0;
				TARGETED_DEVICE_FAMILY = "1,2";
			};
			name = Release;
		};
		9451DEAA20134B3700F69318 /* Debug */ = {
			isa = XCBuildConfiguration;
			buildSettings = {
				ALWAYS_EMBED_SWIFT_STANDARD_LIBRARIES = YES;
				BUNDLE_LOADER = "$(TEST_HOST)";
				CODE_SIGN_STYLE = Automatic;
				DEVELOPMENT_TEAM = HQ576M92UA;
				INFOPLIST_FILE = RatesUpTests/Info.plist;
				LD_RUNPATH_SEARCH_PATHS = (
					"$(inherited)",
					"@executable_path/Frameworks",
					"@loader_path/Frameworks",
				);
				PRODUCT_BUNDLE_IDENTIFIER = matmax.RatesUpTests;
				PRODUCT_NAME = "$(TARGET_NAME)";
				SWIFT_VERSION = 5.0;
				TARGETED_DEVICE_FAMILY = "1,2";
				TEST_HOST = "$(BUILT_PRODUCTS_DIR)/RatesUp.app/RatesUp";
			};
			name = Debug;
		};
		9451DEAB20134B3700F69318 /* Release */ = {
			isa = XCBuildConfiguration;
			buildSettings = {
				ALWAYS_EMBED_SWIFT_STANDARD_LIBRARIES = YES;
				BUNDLE_LOADER = "$(TEST_HOST)";
				CODE_SIGN_STYLE = Automatic;
				DEVELOPMENT_TEAM = HQ576M92UA;
				INFOPLIST_FILE = RatesUpTests/Info.plist;
				LD_RUNPATH_SEARCH_PATHS = (
					"$(inherited)",
					"@executable_path/Frameworks",
					"@loader_path/Frameworks",
				);
				PRODUCT_BUNDLE_IDENTIFIER = matmax.RatesUpTests;
				PRODUCT_NAME = "$(TARGET_NAME)";
				SWIFT_VERSION = 5.0;
				TARGETED_DEVICE_FAMILY = "1,2";
				TEST_HOST = "$(BUILT_PRODUCTS_DIR)/RatesUp.app/RatesUp";
			};
			name = Release;
		};
		9451DEAD20134B3700F69318 /* Debug */ = {
			isa = XCBuildConfiguration;
			buildSettings = {
				ALWAYS_EMBED_SWIFT_STANDARD_LIBRARIES = YES;
				CODE_SIGN_STYLE = Automatic;
				DEVELOPMENT_TEAM = HQ576M92UA;
				INFOPLIST_FILE = RatesUpUITests/Info.plist;
				LD_RUNPATH_SEARCH_PATHS = (
					"$(inherited)",
					"@executable_path/Frameworks",
					"@loader_path/Frameworks",
				);
				PRODUCT_BUNDLE_IDENTIFIER = matmax.RatesUpUITests;
				PRODUCT_NAME = "$(TARGET_NAME)";
				SWIFT_VERSION = 5.0;
				TARGETED_DEVICE_FAMILY = "1,2";
				TEST_TARGET_NAME = RatesUp;
			};
			name = Debug;
		};
		9451DEAE20134B3700F69318 /* Release */ = {
			isa = XCBuildConfiguration;
			buildSettings = {
				ALWAYS_EMBED_SWIFT_STANDARD_LIBRARIES = YES;
				CODE_SIGN_STYLE = Automatic;
				DEVELOPMENT_TEAM = HQ576M92UA;
				INFOPLIST_FILE = RatesUpUITests/Info.plist;
				LD_RUNPATH_SEARCH_PATHS = (
					"$(inherited)",
					"@executable_path/Frameworks",
					"@loader_path/Frameworks",
				);
				PRODUCT_BUNDLE_IDENTIFIER = matmax.RatesUpUITests;
				PRODUCT_NAME = "$(TARGET_NAME)";
				SWIFT_VERSION = 5.0;
				TARGETED_DEVICE_FAMILY = "1,2";
				TEST_TARGET_NAME = RatesUp;
			};
			name = Release;
		};
/* End XCBuildConfiguration section */

/* Begin XCConfigurationList section */
		9451DE7920134B3600F69318 /* Build configuration list for PBXProject "RatesUp" */ = {
			isa = XCConfigurationList;
			buildConfigurations = (
				9451DEA420134B3700F69318 /* Debug */,
				9451DEA520134B3700F69318 /* Release */,
			);
			defaultConfigurationIsVisible = 0;
			defaultConfigurationName = Release;
		};
		9451DEA620134B3700F69318 /* Build configuration list for PBXNativeTarget "RatesUp" */ = {
			isa = XCConfigurationList;
			buildConfigurations = (
				9451DEA720134B3700F69318 /* Debug */,
				9451DEA820134B3700F69318 /* Release */,
			);
			defaultConfigurationIsVisible = 0;
			defaultConfigurationName = Release;
		};
		9451DEA920134B3700F69318 /* Build configuration list for PBXNativeTarget "RatesUpTests" */ = {
			isa = XCConfigurationList;
			buildConfigurations = (
				9451DEAA20134B3700F69318 /* Debug */,
				9451DEAB20134B3700F69318 /* Release */,
			);
			defaultConfigurationIsVisible = 0;
			defaultConfigurationName = Release;
		};
		9451DEAC20134B3700F69318 /* Build configuration list for PBXNativeTarget "RatesUpUITests" */ = {
			isa = XCConfigurationList;
			buildConfigurations = (
				9451DEAD20134B3700F69318 /* Debug */,
				9451DEAE20134B3700F69318 /* Release */,
			);
			defaultConfigurationIsVisible = 0;
			defaultConfigurationName = Release;
		};
/* End XCConfigurationList section */

/* Begin XCRemoteSwiftPackageReference section */
		1DD120872631E5EE006E7485 /* XCRemoteSwiftPackageReference "XMLParsing" */ = {
			isa = XCRemoteSwiftPackageReference;
			repositoryURL = "https://github.com/ShawnMoore/XMLParsing.git";
			requirement = {
				kind = upToNextMajorVersion;
				minimumVersion = 0.0.3;
			};
		};
		1DD12131263581FE006E7485 /* XCRemoteSwiftPackageReference "Nivelir" */ = {
			isa = XCRemoteSwiftPackageReference;
			repositoryURL = "https://github.com/hhru/Nivelir";
			requirement = {
				kind = upToNextMajorVersion;
				minimumVersion = "1.0.0-alpha.2";
			};
		};
/* End XCRemoteSwiftPackageReference section */

/* Begin XCSwiftPackageProductDependency section */
		1DD120882631E5EE006E7485 /* XMLParsing */ = {
			isa = XCSwiftPackageProductDependency;
			package = 1DD120872631E5EE006E7485 /* XCRemoteSwiftPackageReference "XMLParsing" */;
			productName = XMLParsing;
		};
		1DD12132263581FE006E7485 /* Nivelir */ = {
			isa = XCSwiftPackageProductDependency;
			package = 1DD12131263581FE006E7485 /* XCRemoteSwiftPackageReference "Nivelir" */;
			productName = Nivelir;
		};
/* End XCSwiftPackageProductDependency section */

/* Begin XCVersionGroup section */
		946278C520385EBD00645B99 /* RatesStore.xcdatamodeld */ = {
			isa = XCVersionGroup;
			children = (
				946278C620385EBD00645B99 /* CentralBankStore.xcdatamodel */,
			);
			currentVersion = 946278C620385EBD00645B99 /* CentralBankStore.xcdatamodel */;
			path = RatesStore.xcdatamodeld;
			sourceTree = "<group>";
			versionGroupType = wrapper.xcdatamodel;
		};
/* End XCVersionGroup section */
	};
	rootObject = 9451DE7620134B3600F69318 /* Project object */;
}
