// !$*UTF8*$!
{
	archiveVersion = 1;
	classes = {
	};
	objectVersion = 48;
	objects = {

/* Begin PBXBuildFile section */
		190F5683A56EEF156C005C55 /* Pods_RatesUpTests.framework in Frameworks */ = {isa = PBXBuildFile; fileRef = B97E57017EBDBCB5FEA25A8B /* Pods_RatesUpTests.framework */; };
		54B97B6C5BCC8C873655920D /* Pods_RatesUp.framework in Frameworks */ = {isa = PBXBuildFile; fileRef = DEFF578B52A120A3D989892C /* Pods_RatesUp.framework */; };
		943E0ADF201354D0000C62C1 /* AppState.swift in Sources */ = {isa = PBXBuildFile; fileRef = 943E0AD9201354CF000C62C1 /* AppState.swift */; };
		943E0AE0201354D0000C62C1 /* AppSideEffects.swift in Sources */ = {isa = PBXBuildFile; fileRef = 943E0ADA201354CF000C62C1 /* AppSideEffects.swift */; };
		943E0AE1201354D0000C62C1 /* DataDrivenView.swift in Sources */ = {isa = PBXBuildFile; fileRef = 943E0ADB201354D0000C62C1 /* DataDrivenView.swift */; };
		943E0AE2201354D0000C62C1 /* AppStateStore.swift in Sources */ = {isa = PBXBuildFile; fileRef = 943E0ADC201354D0000C62C1 /* AppStateStore.swift */; };
		943E0AE3201354D0000C62C1 /* SideEffects.swift in Sources */ = {isa = PBXBuildFile; fileRef = 943E0ADD201354D0000C62C1 /* SideEffects.swift */; };
		943E0AE4201354D0000C62C1 /* State.swift in Sources */ = {isa = PBXBuildFile; fileRef = 943E0ADE201354D0000C62C1 /* State.swift */; };
		943E0AF8201356A0000C62C1 /* TabItem.swift in Sources */ = {isa = PBXBuildFile; fileRef = 943E0AF52013569F000C62C1 /* TabItem.swift */; };
		943E0AF9201356A0000C62C1 /* TabBarController.swift in Sources */ = {isa = PBXBuildFile; fileRef = 943E0AF6201356A0000C62C1 /* TabBarController.swift */; };
		943E0AFA201356A0000C62C1 /* TabBarViewState.swift in Sources */ = {isa = PBXBuildFile; fileRef = 943E0AF7201356A0000C62C1 /* TabBarViewState.swift */; };
		943E0B0120135795000C62C1 /* Scene.swift in Sources */ = {isa = PBXBuildFile; fileRef = 943E0AFC20135795000C62C1 /* Scene.swift */; };
		943E0B0220135795000C62C1 /* Alert.swift in Sources */ = {isa = PBXBuildFile; fileRef = 943E0AFD20135795000C62C1 /* Alert.swift */; };
		943E0B0320135795000C62C1 /* SceneCoordinator.swift in Sources */ = {isa = PBXBuildFile; fileRef = 943E0AFE20135795000C62C1 /* SceneCoordinator.swift */; };
		943E0B0420135795000C62C1 /* SceneTransitionType.swift in Sources */ = {isa = PBXBuildFile; fileRef = 943E0AFF20135795000C62C1 /* SceneTransitionType.swift */; };
		943E0B0520135795000C62C1 /* SceneAction.swift in Sources */ = {isa = PBXBuildFile; fileRef = 943E0B0020135795000C62C1 /* SceneAction.swift */; };
		943E0B0820135876000C62C1 /* Assets.swift in Sources */ = {isa = PBXBuildFile; fileRef = 943E0B0720135876000C62C1 /* Assets.swift */; };
		943E0B0B20135980000C62C1 /* NavigaionController.swift in Sources */ = {isa = PBXBuildFile; fileRef = 943E0B0A20135980000C62C1 /* NavigaionController.swift */; };
		943E0B1120135A14000C62C1 /* RatesViewState.swift in Sources */ = {isa = PBXBuildFile; fileRef = 943E0B1020135A14000C62C1 /* RatesViewState.swift */; };
		943E0B1320135A31000C62C1 /* RatesState.swift in Sources */ = {isa = PBXBuildFile; fileRef = 943E0B1220135A31000C62C1 /* RatesState.swift */; };
		943E0B1620135DB2000C62C1 /* ObservableType+Extensions.swift in Sources */ = {isa = PBXBuildFile; fileRef = 943E0B1520135DB1000C62C1 /* ObservableType+Extensions.swift */; };
		943E0B1920136039000C62C1 /* Rates.xib in Resources */ = {isa = PBXBuildFile; fileRef = 943E0B1820136039000C62C1 /* Rates.xib */; };
		943E0B1E2013681A000C62C1 /* RatesTableSection.swift in Sources */ = {isa = PBXBuildFile; fileRef = 943E0B1D2013681A000C62C1 /* RatesTableSection.swift */; };
		943E0B2020136938000C62C1 /* RatesViewController.swift in Sources */ = {isa = PBXBuildFile; fileRef = 943E0B1F20136938000C62C1 /* RatesViewController.swift */; };
		9451DE8220134B3600F69318 /* AppDelegate.swift in Sources */ = {isa = PBXBuildFile; fileRef = 9451DE8120134B3600F69318 /* AppDelegate.swift */; };
		9451DE8920134B3600F69318 /* Assets.xcassets in Resources */ = {isa = PBXBuildFile; fileRef = 9451DE8820134B3600F69318 /* Assets.xcassets */; };
		9451DE8C20134B3600F69318 /* LaunchScreen.storyboard in Resources */ = {isa = PBXBuildFile; fileRef = 9451DE8A20134B3600F69318 /* LaunchScreen.storyboard */; };
		9452577120136A8000684439 /* RateCell.swift in Sources */ = {isa = PBXBuildFile; fileRef = 9452577020136A8000684439 /* RateCell.swift */; };
		9452577320137D7400684439 /* RateCell.xib in Resources */ = {isa = PBXBuildFile; fileRef = 9452577220137D7400684439 /* RateCell.xib */; };
		9452577520137F7900684439 /* CurrencyDailyRate.swift in Sources */ = {isa = PBXBuildFile; fileRef = 9452577420137F7900684439 /* CurrencyDailyRate.swift */; };
		945257772013E32900684439 /* RatesSideEffects.swift in Sources */ = {isa = PBXBuildFile; fileRef = 945257762013E32900684439 /* RatesSideEffects.swift */; };
		9452577B201487B300684439 /* ReusableView.swift in Sources */ = {isa = PBXBuildFile; fileRef = 9452577A201487B300684439 /* ReusableView.swift */; };
		9452577F2016683E00684439 /* CentralBankAPI.swift in Sources */ = {isa = PBXBuildFile; fileRef = 9452577E2016683E00684439 /* CentralBankAPI.swift */; };
		9452578220166E4B00684439 /* CentralBankEndpoint.swift in Sources */ = {isa = PBXBuildFile; fileRef = 9452578120166E4B00684439 /* CentralBankEndpoint.swift */; };
		945257842016823900684439 /* XMLDecoder.swift in Sources */ = {isa = PBXBuildFile; fileRef = 945257832016823900684439 /* XMLDecoder.swift */; };
		946278C720385EBD00645B99 /* RatesStore.xcdatamodeld in Sources */ = {isa = PBXBuildFile; fileRef = 946278C520385EBD00645B99 /* RatesStore.xcdatamodeld */; };
		946278C92038609200645B99 /* Currency.swift in Sources */ = {isa = PBXBuildFile; fileRef = 946278C82038609200645B99 /* Currency.swift */; };
		946278CC2038616900645B99 /* Rate.swift in Sources */ = {isa = PBXBuildFile; fileRef = 946278CB2038616900645B99 /* Rate.swift */; };
		946278CE2038728400645B99 /* LocalStore.swift in Sources */ = {isa = PBXBuildFile; fileRef = 946278CD2038728400645B99 /* LocalStore.swift */; };
		946278D02038790000645B99 /* RatesStore.swift in Sources */ = {isa = PBXBuildFile; fileRef = 946278CF2038790000645B99 /* RatesStore.swift */; };
		946278D62039779500645B99 /* Managed.swift in Sources */ = {isa = PBXBuildFile; fileRef = 946278D52039779500645B99 /* Managed.swift */; };
		946278D8203977BD00645B99 /* NSManagedObjectContext+Extensions.swift in Sources */ = {isa = PBXBuildFile; fileRef = 946278D7203977BD00645B99 /* NSManagedObjectContext+Extensions.swift */; };
		946278DA204AD18D00645B99 /* RateAPIModel.swift in Sources */ = {isa = PBXBuildFile; fileRef = 946278D9204AD18D00645B99 /* RateAPIModel.swift */; };
		946278DC204AD31400645B99 /* DailyRatesData.swift in Sources */ = {isa = PBXBuildFile; fileRef = 946278DB204AD31400645B99 /* DailyRatesData.swift */; };
		946278DE204AECAF00645B99 /* RatesService.swift in Sources */ = {isa = PBXBuildFile; fileRef = 946278DD204AECAF00645B99 /* RatesService.swift */; };
		946278E0204AF8C600645B99 /* DateConverter.swift in Sources */ = {isa = PBXBuildFile; fileRef = 946278DF204AF8C600645B99 /* DateConverter.swift */; };
		946278E2204AF99F00645B99 /* AppServices.swift in Sources */ = {isa = PBXBuildFile; fileRef = 946278E1204AF99F00645B99 /* AppServices.swift */; };
		94729CA9206D8A170026C45D /* RatesSort.swift in Sources */ = {isa = PBXBuildFile; fileRef = 94729CA8206D8A170026C45D /* RatesSort.swift */; };
		94729CAE206FFC9D0026C45D /* СurreniesViewController.swift in Sources */ = {isa = PBXBuildFile; fileRef = 94729CAD206FFC9D0026C45D /* СurreniesViewController.swift */; };
		94729CB0206FFE700026C45D /* CurrenciesState.swift in Sources */ = {isa = PBXBuildFile; fileRef = 94729CAF206FFE700026C45D /* CurrenciesState.swift */; };
		94729CB2206FFEB40026C45D /* CurrenciesViewState.swift in Sources */ = {isa = PBXBuildFile; fileRef = 94729CB1206FFEB40026C45D /* CurrenciesViewState.swift */; };
		94729CB5207005AB0026C45D /* RatesResult.swift in Sources */ = {isa = PBXBuildFile; fileRef = 94729CB4207005AB0026C45D /* RatesResult.swift */; };
		94729CB7207005DD0026C45D /* RatesError.swift in Sources */ = {isa = PBXBuildFile; fileRef = 94729CB6207005DD0026C45D /* RatesError.swift */; };
		94729CBB20700C5B0026C45D /* CurrenciesSideEffects.swift in Sources */ = {isa = PBXBuildFile; fileRef = 94729CBA20700C5B0026C45D /* CurrenciesSideEffects.swift */; };
		94A61AF7201CCBEC00299A4A /* UIColor+extensions.swift in Sources */ = {isa = PBXBuildFile; fileRef = 94A61AF6201CCBEC00299A4A /* UIColor+extensions.swift */; };
		94A61AF9201CD2E400299A4A /* UIView+extensions.swift in Sources */ = {isa = PBXBuildFile; fileRef = 94A61AF8201CD2E400299A4A /* UIView+extensions.swift */; };
		94F9507B2070E25700265779 /* СurrenyCell.swift in Sources */ = {isa = PBXBuildFile; fileRef = 94F9507A2070E25700265779 /* СurrenyCell.swift */; };
		94F9507D20839E7700265779 /* СurrenciesTableSection.swift in Sources */ = {isa = PBXBuildFile; fileRef = 94F9507C20839E7700265779 /* СurrenciesTableSection.swift */; };
		BD150FB8C95BEEFDF203364A /* Pods_RatesUpUITests.framework in Frameworks */ = {isa = PBXBuildFile; fileRef = EEF5004FF732049395913BAF /* Pods_RatesUpUITests.framework */; };
/* End PBXBuildFile section */

/* Begin PBXContainerItemProxy section */
		9451DE9320134B3700F69318 /* PBXContainerItemProxy */ = {
			isa = PBXContainerItemProxy;
			containerPortal = 9451DE7620134B3600F69318 /* Project object */;
			proxyType = 1;
			remoteGlobalIDString = 9451DE7D20134B3600F69318;
			remoteInfo = CentralBank;
		};
		9451DE9E20134B3700F69318 /* PBXContainerItemProxy */ = {
			isa = PBXContainerItemProxy;
			containerPortal = 9451DE7620134B3600F69318 /* Project object */;
			proxyType = 1;
			remoteGlobalIDString = 9451DE7D20134B3600F69318;
			remoteInfo = CentralBank;
		};
/* End PBXContainerItemProxy section */

/* Begin PBXFileReference section */
		0CEAADAEEE71F65E9343D591 /* Pods-RatesUpTests.release.xcconfig */ = {isa = PBXFileReference; includeInIndex = 1; lastKnownFileType = text.xcconfig; name = "Pods-RatesUpTests.release.xcconfig"; path = "Pods/Target Support Files/Pods-RatesUpTests/Pods-RatesUpTests.release.xcconfig"; sourceTree = "<group>"; };
		1C8B7EA92C16D2D29DD7EE21 /* Pods-CentralBank.debug.xcconfig */ = {isa = PBXFileReference; includeInIndex = 1; lastKnownFileType = text.xcconfig; name = "Pods-CentralBank.debug.xcconfig"; path = "Pods/Target Support Files/Pods-RatesUp/Pods-CentralBank.debug.xcconfig"; sourceTree = "<group>"; };
		23FA04999E22765E68B901F9 /* Pods-CentralBank.release.xcconfig */ = {isa = PBXFileReference; includeInIndex = 1; lastKnownFileType = text.xcconfig; name = "Pods-CentralBank.release.xcconfig"; path = "Pods/Target Support Files/Pods-RatesUp/Pods-CentralBank.release.xcconfig"; sourceTree = "<group>"; };
		7729BD9CDE5C174A079B1E0A /* Pods-RatesUp.release.xcconfig */ = {isa = PBXFileReference; includeInIndex = 1; lastKnownFileType = text.xcconfig; name = "Pods-RatesUp.release.xcconfig"; path = "Pods/Target Support Files/Pods-RatesUp/Pods-RatesUp.release.xcconfig"; sourceTree = "<group>"; };
		856E0B0C6477CB28D15A8B88 /* Pods-RatesUpTests.release.xcconfig */ = {isa = PBXFileReference; includeInIndex = 1; lastKnownFileType = text.xcconfig; name = "Pods-RatesUpTests.release.xcconfig"; path = "Pods/Target Support Files/Pods-RatesUpTests/Pods-RatesUpTests.release.xcconfig"; sourceTree = "<group>"; };
		8C6AC83A88422EF61EBF4AE7 /* Pods-RatesUpUITests.release.xcconfig */ = {isa = PBXFileReference; includeInIndex = 1; lastKnownFileType = text.xcconfig; name = "Pods-RatesUpUITests.release.xcconfig"; path = "Pods/Target Support Files/Pods-RatesUpUITests/Pods-RatesUpUITests.release.xcconfig"; sourceTree = "<group>"; };
		943E0AD9201354CF000C62C1 /* AppState.swift */ = {isa = PBXFileReference; fileEncoding = 4; lastKnownFileType = sourcecode.swift; path = AppState.swift; sourceTree = "<group>"; };
		943E0ADA201354CF000C62C1 /* AppSideEffects.swift */ = {isa = PBXFileReference; fileEncoding = 4; lastKnownFileType = sourcecode.swift; path = AppSideEffects.swift; sourceTree = "<group>"; };
		943E0ADB201354D0000C62C1 /* DataDrivenView.swift */ = {isa = PBXFileReference; fileEncoding = 4; lastKnownFileType = sourcecode.swift; path = DataDrivenView.swift; sourceTree = "<group>"; };
		943E0ADC201354D0000C62C1 /* AppStateStore.swift */ = {isa = PBXFileReference; fileEncoding = 4; lastKnownFileType = sourcecode.swift; path = AppStateStore.swift; sourceTree = "<group>"; };
		943E0ADD201354D0000C62C1 /* SideEffects.swift */ = {isa = PBXFileReference; fileEncoding = 4; lastKnownFileType = sourcecode.swift; path = SideEffects.swift; sourceTree = "<group>"; };
		943E0ADE201354D0000C62C1 /* State.swift */ = {isa = PBXFileReference; fileEncoding = 4; lastKnownFileType = sourcecode.swift; path = State.swift; sourceTree = "<group>"; };
		943E0AF52013569F000C62C1 /* TabItem.swift */ = {isa = PBXFileReference; fileEncoding = 4; lastKnownFileType = sourcecode.swift; path = TabItem.swift; sourceTree = "<group>"; };
		943E0AF6201356A0000C62C1 /* TabBarController.swift */ = {isa = PBXFileReference; fileEncoding = 4; lastKnownFileType = sourcecode.swift; path = TabBarController.swift; sourceTree = "<group>"; };
		943E0AF7201356A0000C62C1 /* TabBarViewState.swift */ = {isa = PBXFileReference; fileEncoding = 4; lastKnownFileType = sourcecode.swift; path = TabBarViewState.swift; sourceTree = "<group>"; };
		943E0AFC20135795000C62C1 /* Scene.swift */ = {isa = PBXFileReference; fileEncoding = 4; lastKnownFileType = sourcecode.swift; name = Scene.swift; path = RatesUp/SceneCoordinator/Scene.swift; sourceTree = SOURCE_ROOT; };
		943E0AFD20135795000C62C1 /* Alert.swift */ = {isa = PBXFileReference; fileEncoding = 4; lastKnownFileType = sourcecode.swift; name = Alert.swift; path = RatesUp/SceneCoordinator/Alert.swift; sourceTree = SOURCE_ROOT; };
		943E0AFE20135795000C62C1 /* SceneCoordinator.swift */ = {isa = PBXFileReference; fileEncoding = 4; lastKnownFileType = sourcecode.swift; name = SceneCoordinator.swift; path = RatesUp/SceneCoordinator/SceneCoordinator.swift; sourceTree = SOURCE_ROOT; };
		943E0AFF20135795000C62C1 /* SceneTransitionType.swift */ = {isa = PBXFileReference; fileEncoding = 4; lastKnownFileType = sourcecode.swift; name = SceneTransitionType.swift; path = RatesUp/SceneCoordinator/SceneTransitionType.swift; sourceTree = SOURCE_ROOT; };
		943E0B0020135795000C62C1 /* SceneAction.swift */ = {isa = PBXFileReference; fileEncoding = 4; lastKnownFileType = sourcecode.swift; name = SceneAction.swift; path = RatesUp/SceneCoordinator/SceneAction.swift; sourceTree = SOURCE_ROOT; };
		943E0B0720135876000C62C1 /* Assets.swift */ = {isa = PBXFileReference; fileEncoding = 4; lastKnownFileType = sourcecode.swift; path = Assets.swift; sourceTree = "<group>"; };
		943E0B0A20135980000C62C1 /* NavigaionController.swift */ = {isa = PBXFileReference; fileEncoding = 4; lastKnownFileType = sourcecode.swift; path = NavigaionController.swift; sourceTree = "<group>"; };
		943E0B1020135A14000C62C1 /* RatesViewState.swift */ = {isa = PBXFileReference; lastKnownFileType = sourcecode.swift; path = RatesViewState.swift; sourceTree = "<group>"; };
		943E0B1220135A31000C62C1 /* RatesState.swift */ = {isa = PBXFileReference; lastKnownFileType = sourcecode.swift; path = RatesState.swift; sourceTree = "<group>"; };
		943E0B1520135DB1000C62C1 /* ObservableType+Extensions.swift */ = {isa = PBXFileReference; fileEncoding = 4; lastKnownFileType = sourcecode.swift; path = "ObservableType+Extensions.swift"; sourceTree = "<group>"; };
		943E0B1820136039000C62C1 /* Rates.xib */ = {isa = PBXFileReference; lastKnownFileType = file.xib; path = Rates.xib; sourceTree = "<group>"; };
		943E0B1D2013681A000C62C1 /* RatesTableSection.swift */ = {isa = PBXFileReference; lastKnownFileType = sourcecode.swift; path = RatesTableSection.swift; sourceTree = "<group>"; };
		943E0B1F20136938000C62C1 /* RatesViewController.swift */ = {isa = PBXFileReference; fileEncoding = 4; lastKnownFileType = sourcecode.swift; path = RatesViewController.swift; sourceTree = "<group>"; };
		9451DE7E20134B3600F69318 /* RatesUp.app */ = {isa = PBXFileReference; explicitFileType = wrapper.application; includeInIndex = 0; path = RatesUp.app; sourceTree = BUILT_PRODUCTS_DIR; };
		9451DE8120134B3600F69318 /* AppDelegate.swift */ = {isa = PBXFileReference; lastKnownFileType = sourcecode.swift; path = AppDelegate.swift; sourceTree = "<group>"; };
		9451DE8820134B3600F69318 /* Assets.xcassets */ = {isa = PBXFileReference; lastKnownFileType = folder.assetcatalog; path = Assets.xcassets; sourceTree = "<group>"; };
		9451DE8B20134B3600F69318 /* Base */ = {isa = PBXFileReference; lastKnownFileType = file.storyboard; name = Base; path = Base.lproj/LaunchScreen.storyboard; sourceTree = "<group>"; };
		9451DE8D20134B3600F69318 /* Info.plist */ = {isa = PBXFileReference; lastKnownFileType = text.plist.xml; path = Info.plist; sourceTree = "<group>"; };
		9451DE9220134B3700F69318 /* RatesUpTests.xctest */ = {isa = PBXFileReference; explicitFileType = wrapper.cfbundle; includeInIndex = 0; path = RatesUpTests.xctest; sourceTree = BUILT_PRODUCTS_DIR; };
		9451DE9820134B3700F69318 /* Info.plist */ = {isa = PBXFileReference; lastKnownFileType = text.plist.xml; path = Info.plist; sourceTree = "<group>"; };
		9451DE9D20134B3700F69318 /* RatesUpUITests.xctest */ = {isa = PBXFileReference; explicitFileType = wrapper.cfbundle; includeInIndex = 0; path = RatesUpUITests.xctest; sourceTree = BUILT_PRODUCTS_DIR; };
		9451DEA320134B3700F69318 /* Info.plist */ = {isa = PBXFileReference; lastKnownFileType = text.plist.xml; path = Info.plist; sourceTree = "<group>"; };
		9452577020136A8000684439 /* RateCell.swift */ = {isa = PBXFileReference; lastKnownFileType = sourcecode.swift; path = RateCell.swift; sourceTree = "<group>"; };
		9452577220137D7400684439 /* RateCell.xib */ = {isa = PBXFileReference; lastKnownFileType = file.xib; path = RateCell.xib; sourceTree = "<group>"; };
		9452577420137F7900684439 /* CurrencyDailyRate.swift */ = {isa = PBXFileReference; lastKnownFileType = sourcecode.swift; path = CurrencyDailyRate.swift; sourceTree = "<group>"; };
		945257762013E32900684439 /* RatesSideEffects.swift */ = {isa = PBXFileReference; lastKnownFileType = sourcecode.swift; path = RatesSideEffects.swift; sourceTree = "<group>"; };
		9452577A201487B300684439 /* ReusableView.swift */ = {isa = PBXFileReference; lastKnownFileType = sourcecode.swift; path = ReusableView.swift; sourceTree = "<group>"; };
		9452577E2016683E00684439 /* CentralBankAPI.swift */ = {isa = PBXFileReference; lastKnownFileType = sourcecode.swift; path = CentralBankAPI.swift; sourceTree = "<group>"; };
		9452578120166E4B00684439 /* CentralBankEndpoint.swift */ = {isa = PBXFileReference; lastKnownFileType = sourcecode.swift; path = CentralBankEndpoint.swift; sourceTree = "<group>"; };
		945257832016823900684439 /* XMLDecoder.swift */ = {isa = PBXFileReference; lastKnownFileType = sourcecode.swift; path = XMLDecoder.swift; sourceTree = "<group>"; };
		946278C620385EBD00645B99 /* CentralBankStore.xcdatamodel */ = {isa = PBXFileReference; lastKnownFileType = wrapper.xcdatamodel; path = CentralBankStore.xcdatamodel; sourceTree = "<group>"; };
		946278C82038609200645B99 /* Currency.swift */ = {isa = PBXFileReference; lastKnownFileType = sourcecode.swift; path = Currency.swift; sourceTree = "<group>"; };
		946278CB2038616900645B99 /* Rate.swift */ = {isa = PBXFileReference; lastKnownFileType = sourcecode.swift; path = Rate.swift; sourceTree = "<group>"; };
		946278CD2038728400645B99 /* LocalStore.swift */ = {isa = PBXFileReference; lastKnownFileType = sourcecode.swift; path = LocalStore.swift; sourceTree = "<group>"; };
		946278CF2038790000645B99 /* RatesStore.swift */ = {isa = PBXFileReference; lastKnownFileType = sourcecode.swift; path = RatesStore.swift; sourceTree = "<group>"; };
		946278D52039779500645B99 /* Managed.swift */ = {isa = PBXFileReference; lastKnownFileType = sourcecode.swift; path = Managed.swift; sourceTree = "<group>"; };
		946278D7203977BD00645B99 /* NSManagedObjectContext+Extensions.swift */ = {isa = PBXFileReference; lastKnownFileType = sourcecode.swift; path = "NSManagedObjectContext+Extensions.swift"; sourceTree = "<group>"; };
		946278D9204AD18D00645B99 /* RateAPIModel.swift */ = {isa = PBXFileReference; lastKnownFileType = sourcecode.swift; path = RateAPIModel.swift; sourceTree = "<group>"; };
		946278DB204AD31400645B99 /* DailyRatesData.swift */ = {isa = PBXFileReference; lastKnownFileType = sourcecode.swift; path = DailyRatesData.swift; sourceTree = "<group>"; };
		946278DD204AECAF00645B99 /* RatesService.swift */ = {isa = PBXFileReference; lastKnownFileType = sourcecode.swift; path = RatesService.swift; sourceTree = "<group>"; };
		946278DF204AF8C600645B99 /* DateConverter.swift */ = {isa = PBXFileReference; lastKnownFileType = sourcecode.swift; path = DateConverter.swift; sourceTree = "<group>"; };
		946278E1204AF99F00645B99 /* AppServices.swift */ = {isa = PBXFileReference; lastKnownFileType = sourcecode.swift; path = AppServices.swift; sourceTree = "<group>"; };
		946278E3204AFDD700645B99 /* RatesUp.entitlements */ = {isa = PBXFileReference; lastKnownFileType = text.plist.entitlements; path = RatesUp.entitlements; sourceTree = "<group>"; };
		94729CA8206D8A170026C45D /* RatesSort.swift */ = {isa = PBXFileReference; lastKnownFileType = sourcecode.swift; path = RatesSort.swift; sourceTree = "<group>"; };
		94729CAD206FFC9D0026C45D /* СurreniesViewController.swift */ = {isa = PBXFileReference; lastKnownFileType = sourcecode.swift; path = "СurreniesViewController.swift"; sourceTree = "<group>"; };
		94729CAF206FFE700026C45D /* CurrenciesState.swift */ = {isa = PBXFileReference; lastKnownFileType = sourcecode.swift; path = CurrenciesState.swift; sourceTree = "<group>"; };
		94729CB1206FFEB40026C45D /* CurrenciesViewState.swift */ = {isa = PBXFileReference; lastKnownFileType = sourcecode.swift; path = CurrenciesViewState.swift; sourceTree = "<group>"; };
		94729CB4207005AB0026C45D /* RatesResult.swift */ = {isa = PBXFileReference; lastKnownFileType = sourcecode.swift; path = RatesResult.swift; sourceTree = "<group>"; };
		94729CB6207005DD0026C45D /* RatesError.swift */ = {isa = PBXFileReference; lastKnownFileType = sourcecode.swift; path = RatesError.swift; sourceTree = "<group>"; };
		94729CBA20700C5B0026C45D /* CurrenciesSideEffects.swift */ = {isa = PBXFileReference; lastKnownFileType = sourcecode.swift; path = CurrenciesSideEffects.swift; sourceTree = "<group>"; };
		94A61AF6201CCBEC00299A4A /* UIColor+extensions.swift */ = {isa = PBXFileReference; lastKnownFileType = sourcecode.swift; path = "UIColor+extensions.swift"; sourceTree = "<group>"; };
		94A61AF8201CD2E400299A4A /* UIView+extensions.swift */ = {isa = PBXFileReference; lastKnownFileType = sourcecode.swift; path = "UIView+extensions.swift"; sourceTree = "<group>"; };
		94F9507A2070E25700265779 /* СurrenyCell.swift */ = {isa = PBXFileReference; lastKnownFileType = sourcecode.swift; path = "СurrenyCell.swift"; sourceTree = "<group>"; };
		94F9507C20839E7700265779 /* СurrenciesTableSection.swift */ = {isa = PBXFileReference; fileEncoding = 4; lastKnownFileType = sourcecode.swift; path = "СurrenciesTableSection.swift"; sourceTree = "<group>"; };
		A160BB35A8ADD71AB4F5F92D /* Pods-RatesUpTests.debug.xcconfig */ = {isa = PBXFileReference; includeInIndex = 1; lastKnownFileType = text.xcconfig; name = "Pods-RatesUpTests.debug.xcconfig"; path = "Pods/Target Support Files/Pods-RatesUpTests/Pods-RatesUpTests.debug.xcconfig"; sourceTree = "<group>"; };
		B97E57017EBDBCB5FEA25A8B /* Pods_RatesUpTests.framework */ = {isa = PBXFileReference; explicitFileType = wrapper.framework; includeInIndex = 0; path = Pods_RatesUpTests.framework; sourceTree = BUILT_PRODUCTS_DIR; };
		B9EA4B42959A20B5370C069A /* Pods-RatesUpUITests.debug.xcconfig */ = {isa = PBXFileReference; includeInIndex = 1; lastKnownFileType = text.xcconfig; name = "Pods-RatesUpUITests.debug.xcconfig"; path = "Pods/Target Support Files/Pods-RatesUpUITests/Pods-RatesUpUITests.debug.xcconfig"; sourceTree = "<group>"; };
		C97ABEE9E17BE7701F1A6A07 /* Pods-RatesUpTests.debug.xcconfig */ = {isa = PBXFileReference; includeInIndex = 1; lastKnownFileType = text.xcconfig; name = "Pods-RatesUpTests.debug.xcconfig"; path = "Pods/Target Support Files/Pods-RatesUpTests/Pods-RatesUpTests.debug.xcconfig"; sourceTree = "<group>"; };
		D6680A50933C6F2CF41855E9 /* Pods-RatesUp.debug.xcconfig */ = {isa = PBXFileReference; includeInIndex = 1; lastKnownFileType = text.xcconfig; name = "Pods-RatesUp.debug.xcconfig"; path = "Pods/Target Support Files/Pods-RatesUp/Pods-RatesUp.debug.xcconfig"; sourceTree = "<group>"; };
		DEFF578B52A120A3D989892C /* Pods_RatesUp.framework */ = {isa = PBXFileReference; explicitFileType = wrapper.framework; includeInIndex = 0; path = Pods_RatesUp.framework; sourceTree = BUILT_PRODUCTS_DIR; };
		DF51C8FE7B4876D00C87E705 /* Pods-RatesUpUITests.release.xcconfig */ = {isa = PBXFileReference; includeInIndex = 1; lastKnownFileType = text.xcconfig; name = "Pods-RatesUpUITests.release.xcconfig"; path = "Pods/Target Support Files/Pods-RatesUpUITests/Pods-RatesUpUITests.release.xcconfig"; sourceTree = "<group>"; };
		EEF5004FF732049395913BAF /* Pods_RatesUpUITests.framework */ = {isa = PBXFileReference; explicitFileType = wrapper.framework; includeInIndex = 0; path = Pods_RatesUpUITests.framework; sourceTree = BUILT_PRODUCTS_DIR; };
		F1FFAF3EF4CED39C86515495 /* Pods-RatesUpUITests.debug.xcconfig */ = {isa = PBXFileReference; includeInIndex = 1; lastKnownFileType = text.xcconfig; name = "Pods-RatesUpUITests.debug.xcconfig"; path = "Pods/Target Support Files/Pods-RatesUpUITests/Pods-RatesUpUITests.debug.xcconfig"; sourceTree = "<group>"; };
/* End PBXFileReference section */

/* Begin PBXFrameworksBuildPhase section */
		9451DE7B20134B3600F69318 /* Frameworks */ = {
			isa = PBXFrameworksBuildPhase;
			buildActionMask = 2147483647;
			files = (
				54B97B6C5BCC8C873655920D /* Pods_RatesUp.framework in Frameworks */,
			);
			runOnlyForDeploymentPostprocessing = 0;
		};
		9451DE8F20134B3700F69318 /* Frameworks */ = {
			isa = PBXFrameworksBuildPhase;
			buildActionMask = 2147483647;
			files = (
				190F5683A56EEF156C005C55 /* Pods_RatesUpTests.framework in Frameworks */,
			);
			runOnlyForDeploymentPostprocessing = 0;
		};
		9451DE9A20134B3700F69318 /* Frameworks */ = {
			isa = PBXFrameworksBuildPhase;
			buildActionMask = 2147483647;
			files = (
				BD150FB8C95BEEFDF203364A /* Pods_RatesUpUITests.framework in Frameworks */,
			);
			runOnlyForDeploymentPostprocessing = 0;
		};
/* End PBXFrameworksBuildPhase section */

/* Begin PBXGroup section */
		02220217AC1EBEDFD2854A32 /* Pods */ = {
			isa = PBXGroup;
			children = (
				1C8B7EA92C16D2D29DD7EE21 /* Pods-CentralBank.debug.xcconfig */,
				23FA04999E22765E68B901F9 /* Pods-CentralBank.release.xcconfig */,
				A160BB35A8ADD71AB4F5F92D /* Pods-RatesUpTests.debug.xcconfig */,
				856E0B0C6477CB28D15A8B88 /* Pods-RatesUpTests.release.xcconfig */,
				B9EA4B42959A20B5370C069A /* Pods-RatesUpUITests.debug.xcconfig */,
				DF51C8FE7B4876D00C87E705 /* Pods-RatesUpUITests.release.xcconfig */,
				D6680A50933C6F2CF41855E9 /* Pods-RatesUp.debug.xcconfig */,
				7729BD9CDE5C174A079B1E0A /* Pods-RatesUp.release.xcconfig */,
				C97ABEE9E17BE7701F1A6A07 /* Pods-RatesUpTests.debug.xcconfig */,
				0CEAADAEEE71F65E9343D591 /* Pods-RatesUpTests.release.xcconfig */,
				F1FFAF3EF4CED39C86515495 /* Pods-RatesUpUITests.debug.xcconfig */,
				8C6AC83A88422EF61EBF4AE7 /* Pods-RatesUpUITests.release.xcconfig */,
			);
			name = Pods;
			sourceTree = "<group>";
		};
		943E0AD72013544B000C62C1 /* Scenes */ = {
			isa = PBXGroup;
			children = (
				943E0B1A20136199000C62C1 /* Launch */,
				943E0B0C201359AB000C62C1 /* Rates */,
				94729CAC206FFC4F0026C45D /* EditRates */,
				943E0B0920135975000C62C1 /* Navigation */,
				943E0AF420135690000C62C1 /* TabBar */,
			);
			path = Scenes;
			sourceTree = "<group>";
		};
		943E0AD820135457000C62C1 /* AppState */ = {
			isa = PBXGroup;
			children = (
				943E0ADA201354CF000C62C1 /* AppSideEffects.swift */,
				943E0AD9201354CF000C62C1 /* AppState.swift */,
				943E0ADC201354D0000C62C1 /* AppStateStore.swift */,
				943E0ADD201354D0000C62C1 /* SideEffects.swift */,
				943E0ADE201354D0000C62C1 /* State.swift */,
				943E0ADB201354D0000C62C1 /* DataDrivenView.swift */,
			);
			path = AppState;
			sourceTree = "<group>";
		};
		943E0AF420135690000C62C1 /* TabBar */ = {
			isa = PBXGroup;
			children = (
				943E0AF6201356A0000C62C1 /* TabBarController.swift */,
				943E0AF7201356A0000C62C1 /* TabBarViewState.swift */,
				943E0AF52013569F000C62C1 /* TabItem.swift */,
			);
			path = TabBar;
			sourceTree = "<group>";
		};
		943E0AFB20135723000C62C1 /* Resources */ = {
			isa = PBXGroup;
			children = (
				943E0B0620135862000C62C1 /* Assets */,
				9451DE8D20134B3600F69318 /* Info.plist */,
			);
			path = Resources;
			sourceTree = "<group>";
		};
		943E0B0620135862000C62C1 /* Assets */ = {
			isa = PBXGroup;
			children = (
				943E0B0720135876000C62C1 /* Assets.swift */,
				9451DE8820134B3600F69318 /* Assets.xcassets */,
			);
			path = Assets;
			sourceTree = "<group>";
		};
		943E0B0920135975000C62C1 /* Navigation */ = {
			isa = PBXGroup;
			children = (
				943E0B0A20135980000C62C1 /* NavigaionController.swift */,
			);
			path = Navigation;
			sourceTree = "<group>";
		};
		943E0B0C201359AB000C62C1 /* Rates */ = {
			isa = PBXGroup;
			children = (
				943E0B0F201359F8000C62C1 /* Table */,
				943E0B1820136039000C62C1 /* Rates.xib */,
				943E0B1020135A14000C62C1 /* RatesViewState.swift */,
				943E0B1F20136938000C62C1 /* RatesViewController.swift */,
				943E0B1220135A31000C62C1 /* RatesState.swift */,
				945257762013E32900684439 /* RatesSideEffects.swift */,
			);
			path = Rates;
			sourceTree = "<group>";
		};
		943E0B0F201359F8000C62C1 /* Table */ = {
			isa = PBXGroup;
			children = (
				9452577220137D7400684439 /* RateCell.xib */,
				9452577020136A8000684439 /* RateCell.swift */,
				943E0B1D2013681A000C62C1 /* RatesTableSection.swift */,
			);
			path = Table;
			sourceTree = "<group>";
		};
		943E0B1720135DBE000C62C1 /* Extensions */ = {
			isa = PBXGroup;
			children = (
				943E0B1520135DB1000C62C1 /* ObservableType+Extensions.swift */,
				9452577A201487B300684439 /* ReusableView.swift */,
				94A61AF6201CCBEC00299A4A /* UIColor+extensions.swift */,
				94A61AF8201CD2E400299A4A /* UIView+extensions.swift */,
			);
			path = Extensions;
			sourceTree = "<group>";
		};
		943E0B1A20136199000C62C1 /* Launch */ = {
			isa = PBXGroup;
			children = (
				9451DE8A20134B3600F69318 /* LaunchScreen.storyboard */,
			);
			path = Launch;
			sourceTree = "<group>";
		};
		943E0B1C2013653F000C62C1 /* SceneCoordinator */ = {
			isa = PBXGroup;
			children = (
				943E0AFD20135795000C62C1 /* Alert.swift */,
				943E0AFC20135795000C62C1 /* Scene.swift */,
				943E0B0020135795000C62C1 /* SceneAction.swift */,
				943E0AFE20135795000C62C1 /* SceneCoordinator.swift */,
				943E0AFF20135795000C62C1 /* SceneTransitionType.swift */,
			);
			path = SceneCoordinator;
			sourceTree = "<group>";
		};
		9451DE7520134B3600F69318 = {
			isa = PBXGroup;
			children = (
				9451DE8020134B3600F69318 /* RatesUp */,
				9451DE9520134B3700F69318 /* RatesUpTests */,
				9451DEA020134B3700F69318 /* RatesUpUITests */,
				9451DE7F20134B3600F69318 /* Products */,
				02220217AC1EBEDFD2854A32 /* Pods */,
				D42370E128EC47C8B2A71665 /* Frameworks */,
			);
			sourceTree = "<group>";
		};
		9451DE7F20134B3600F69318 /* Products */ = {
			isa = PBXGroup;
			children = (
				9451DE7E20134B3600F69318 /* RatesUp.app */,
				9451DE9220134B3700F69318 /* RatesUpTests.xctest */,
				9451DE9D20134B3700F69318 /* RatesUpUITests.xctest */,
			);
			name = Products;
			sourceTree = "<group>";
		};
		9451DE8020134B3600F69318 /* RatesUp */ = {
			isa = PBXGroup;
			children = (
				946278E3204AFDD700645B99 /* RatesUp.entitlements */,
				943E0AD820135457000C62C1 /* AppState */,
				943E0B1720135DBE000C62C1 /* Extensions */,
				943E0AFB20135723000C62C1 /* Resources */,
				943E0B1C2013653F000C62C1 /* SceneCoordinator */,
				943E0AD72013544B000C62C1 /* Scenes */,
				9452577C2016680000684439 /* Services */,
				9451DE8120134B3600F69318 /* AppDelegate.swift */,
			);
			path = RatesUp;
			sourceTree = "<group>";
		};
		9451DE9520134B3700F69318 /* RatesUpTests */ = {
			isa = PBXGroup;
			children = (
				9451DE9820134B3700F69318 /* Info.plist */,
			);
			path = RatesUpTests;
			sourceTree = "<group>";
		};
		9451DEA020134B3700F69318 /* RatesUpUITests */ = {
			isa = PBXGroup;
			children = (
				9451DEA320134B3700F69318 /* Info.plist */,
			);
			path = RatesUpUITests;
			sourceTree = "<group>";
		};
		9452577C2016680000684439 /* Services */ = {
			isa = PBXGroup;
			children = (
				94729CB32070059B0026C45D /* Models */,
				94A61AFA201D090100299A4A /* Store */,
				9452577D2016681300684439 /* CentralBankAPI */,
				946278DD204AECAF00645B99 /* RatesService.swift */,
				946278DF204AF8C600645B99 /* DateConverter.swift */,
				946278E1204AF99F00645B99 /* AppServices.swift */,
			);
			path = Services;
			sourceTree = "<group>";
		};
		9452577D2016681300684439 /* CentralBankAPI */ = {
			isa = PBXGroup;
			children = (
				945257832016823900684439 /* XMLDecoder.swift */,
				945257802016686A00684439 /* Rates */,
				9452577E2016683E00684439 /* CentralBankAPI.swift */,
				9452578120166E4B00684439 /* CentralBankEndpoint.swift */,
			);
			path = CentralBankAPI;
			sourceTree = "<group>";
		};
		945257802016686A00684439 /* Rates */ = {
			isa = PBXGroup;
			children = (
				946278DB204AD31400645B99 /* DailyRatesData.swift */,
				946278D9204AD18D00645B99 /* RateAPIModel.swift */,
			);
			path = Rates;
			sourceTree = "<group>";
		};
		946278CA203860BE00645B99 /* Models */ = {
			isa = PBXGroup;
			children = (
				946278C82038609200645B99 /* Currency.swift */,
				946278CB2038616900645B99 /* Rate.swift */,
				946278D52039779500645B99 /* Managed.swift */,
				946278D7203977BD00645B99 /* NSManagedObjectContext+Extensions.swift */,
			);
			path = Models;
			sourceTree = "<group>";
		};
		94729CAC206FFC4F0026C45D /* EditRates */ = {
			isa = PBXGroup;
			children = (
				94F95077207028AA00265779 /* Table */,
				94729CAD206FFC9D0026C45D /* СurreniesViewController.swift */,
				94729CB1206FFEB40026C45D /* CurrenciesViewState.swift */,
				94729CAF206FFE700026C45D /* CurrenciesState.swift */,
				94729CBA20700C5B0026C45D /* CurrenciesSideEffects.swift */,
			);
			path = EditRates;
			sourceTree = "<group>";
		};
		94729CB32070059B0026C45D /* Models */ = {
			isa = PBXGroup;
			children = (
				94729CA8206D8A170026C45D /* RatesSort.swift */,
				9452577420137F7900684439 /* CurrencyDailyRate.swift */,
				94729CB4207005AB0026C45D /* RatesResult.swift */,
				94729CB6207005DD0026C45D /* RatesError.swift */,
			);
			path = Models;
			sourceTree = "<group>";
		};
		94A61AFA201D090100299A4A /* Store */ = {
			isa = PBXGroup;
			children = (
				946278CA203860BE00645B99 /* Models */,
				946278C520385EBD00645B99 /* RatesStore.xcdatamodeld */,
				946278CD2038728400645B99 /* LocalStore.swift */,
				946278CF2038790000645B99 /* RatesStore.swift */,
			);
			path = Store;
			sourceTree = "<group>";
		};
		94F95077207028AA00265779 /* Table */ = {
			isa = PBXGroup;
			children = (
				94F9507C20839E7700265779 /* СurrenciesTableSection.swift */,
				94F9507A2070E25700265779 /* СurrenyCell.swift */,
			);
			path = Table;
			sourceTree = "<group>";
		};
		D42370E128EC47C8B2A71665 /* Frameworks */ = {
			isa = PBXGroup;
			children = (
				DEFF578B52A120A3D989892C /* Pods_RatesUp.framework */,
				B97E57017EBDBCB5FEA25A8B /* Pods_RatesUpTests.framework */,
				EEF5004FF732049395913BAF /* Pods_RatesUpUITests.framework */,
			);
			name = Frameworks;
			sourceTree = "<group>";
		};
/* End PBXGroup section */

/* Begin PBXNativeTarget section */
		9451DE7D20134B3600F69318 /* RatesUp */ = {
			isa = PBXNativeTarget;
			buildConfigurationList = 9451DEA620134B3700F69318 /* Build configuration list for PBXNativeTarget "RatesUp" */;
			buildPhases = (
				66A7739C285BCEA97AEA3E61 /* [CP] Check Pods Manifest.lock */,
				9451DE7A20134B3600F69318 /* Sources */,
				9451DE7B20134B3600F69318 /* Frameworks */,
				9451DE7C20134B3600F69318 /* Resources */,
				67CA82D67C868AD32BF370BE /* [CP] Embed Pods Frameworks */,
			);
			buildRules = (
			);
			dependencies = (
			);
			name = RatesUp;
			productName = CentralBank;
			productReference = 9451DE7E20134B3600F69318 /* RatesUp.app */;
			productType = "com.apple.product-type.application";
		};
		9451DE9120134B3700F69318 /* RatesUpTests */ = {
			isa = PBXNativeTarget;
			buildConfigurationList = 9451DEA920134B3700F69318 /* Build configuration list for PBXNativeTarget "RatesUpTests" */;
			buildPhases = (
				189523F75931D0D0980FF2AA /* [CP] Check Pods Manifest.lock */,
				9451DE8E20134B3700F69318 /* Sources */,
				9451DE8F20134B3700F69318 /* Frameworks */,
				9451DE9020134B3700F69318 /* Resources */,
			);
			buildRules = (
			);
			dependencies = (
				9451DE9420134B3700F69318 /* PBXTargetDependency */,
			);
			name = RatesUpTests;
			productName = RatesUpTests;
			productReference = 9451DE9220134B3700F69318 /* RatesUpTests.xctest */;
			productType = "com.apple.product-type.bundle.unit-test";
		};
		9451DE9C20134B3700F69318 /* RatesUpUITests */ = {
			isa = PBXNativeTarget;
			buildConfigurationList = 9451DEAC20134B3700F69318 /* Build configuration list for PBXNativeTarget "RatesUpUITests" */;
			buildPhases = (
				C8B28F945A822C48AA427095 /* [CP] Check Pods Manifest.lock */,
				9451DE9920134B3700F69318 /* Sources */,
				9451DE9A20134B3700F69318 /* Frameworks */,
				9451DE9B20134B3700F69318 /* Resources */,
			);
			buildRules = (
			);
			dependencies = (
				9451DE9F20134B3700F69318 /* PBXTargetDependency */,
			);
			name = RatesUpUITests;
			productName = RatesUpUITests;
			productReference = 9451DE9D20134B3700F69318 /* RatesUpUITests.xctest */;
			productType = "com.apple.product-type.bundle.ui-testing";
		};
/* End PBXNativeTarget section */

/* Begin PBXProject section */
		9451DE7620134B3600F69318 /* Project object */ = {
			isa = PBXProject;
			attributes = {
				LastSwiftUpdateCheck = 0920;
				LastUpgradeCheck = 1140;
				ORGANIZATIONNAME = "Matyushenko Maxim";
				TargetAttributes = {
					9451DE7D20134B3600F69318 = {
						CreatedOnToolsVersion = 9.2;
						LastSwiftMigration = 1140;
						ProvisioningStyle = Manual;
						SystemCapabilities = {
							com.apple.ApplicationGroups.iOS = {
								enabled = 1;
							};
						};
					};
					9451DE9120134B3700F69318 = {
						CreatedOnToolsVersion = 9.2;
						LastSwiftMigration = 1140;
						ProvisioningStyle = Automatic;
						TestTargetID = 9451DE7D20134B3600F69318;
					};
					9451DE9C20134B3700F69318 = {
						CreatedOnToolsVersion = 9.2;
						LastSwiftMigration = 1140;
						ProvisioningStyle = Automatic;
						TestTargetID = 9451DE7D20134B3600F69318;
					};
				};
			};
			buildConfigurationList = 9451DE7920134B3600F69318 /* Build configuration list for PBXProject "RatesUp" */;
			compatibilityVersion = "Xcode 8.0";
			developmentRegion = en;
			hasScannedForEncodings = 0;
			knownRegions = (
				en,
				Base,
			);
			mainGroup = 9451DE7520134B3600F69318;
			productRefGroup = 9451DE7F20134B3600F69318 /* Products */;
			projectDirPath = "";
			projectRoot = "";
			targets = (
				9451DE7D20134B3600F69318 /* RatesUp */,
				9451DE9120134B3700F69318 /* RatesUpTests */,
				9451DE9C20134B3700F69318 /* RatesUpUITests */,
			);
		};
/* End PBXProject section */

/* Begin PBXResourcesBuildPhase section */
		9451DE7C20134B3600F69318 /* Resources */ = {
			isa = PBXResourcesBuildPhase;
			buildActionMask = 2147483647;
			files = (
				943E0B1920136039000C62C1 /* Rates.xib in Resources */,
				9452577320137D7400684439 /* RateCell.xib in Resources */,
				9451DE8C20134B3600F69318 /* LaunchScreen.storyboard in Resources */,
				9451DE8920134B3600F69318 /* Assets.xcassets in Resources */,
			);
			runOnlyForDeploymentPostprocessing = 0;
		};
		9451DE9020134B3700F69318 /* Resources */ = {
			isa = PBXResourcesBuildPhase;
			buildActionMask = 2147483647;
			files = (
			);
			runOnlyForDeploymentPostprocessing = 0;
		};
		9451DE9B20134B3700F69318 /* Resources */ = {
			isa = PBXResourcesBuildPhase;
			buildActionMask = 2147483647;
			files = (
			);
			runOnlyForDeploymentPostprocessing = 0;
		};
/* End PBXResourcesBuildPhase section */

/* Begin PBXShellScriptBuildPhase section */
		189523F75931D0D0980FF2AA /* [CP] Check Pods Manifest.lock */ = {
			isa = PBXShellScriptBuildPhase;
			buildActionMask = 2147483647;
			files = (
			);
			inputPaths = (
				"${PODS_PODFILE_DIR_PATH}/Podfile.lock",
				"${PODS_ROOT}/Manifest.lock",
			);
			name = "[CP] Check Pods Manifest.lock";
			outputPaths = (
				"$(DERIVED_FILE_DIR)/Pods-RatesUpTests-checkManifestLockResult.txt",
			);
			runOnlyForDeploymentPostprocessing = 0;
			shellPath = /bin/sh;
			shellScript = "diff \"${PODS_PODFILE_DIR_PATH}/Podfile.lock\" \"${PODS_ROOT}/Manifest.lock\" > /dev/null\nif [ $? != 0 ] ; then\n    # print error to STDERR\n    echo \"error: The sandbox is not in sync with the Podfile.lock. Run 'pod install' or update your CocoaPods installation.\" >&2\n    exit 1\nfi\n# This output is used by Xcode 'outputs' to avoid re-running this script phase.\necho \"SUCCESS\" > \"${SCRIPT_OUTPUT_FILE_0}\"\n";
			showEnvVarsInLog = 0;
		};
		66A7739C285BCEA97AEA3E61 /* [CP] Check Pods Manifest.lock */ = {
			isa = PBXShellScriptBuildPhase;
			buildActionMask = 2147483647;
			files = (
			);
			inputPaths = (
				"${PODS_PODFILE_DIR_PATH}/Podfile.lock",
				"${PODS_ROOT}/Manifest.lock",
			);
			name = "[CP] Check Pods Manifest.lock";
			outputPaths = (
				"$(DERIVED_FILE_DIR)/Pods-RatesUp-checkManifestLockResult.txt",
			);
			runOnlyForDeploymentPostprocessing = 0;
			shellPath = /bin/sh;
			shellScript = "diff \"${PODS_PODFILE_DIR_PATH}/Podfile.lock\" \"${PODS_ROOT}/Manifest.lock\" > /dev/null\nif [ $? != 0 ] ; then\n    # print error to STDERR\n    echo \"error: The sandbox is not in sync with the Podfile.lock. Run 'pod install' or update your CocoaPods installation.\" >&2\n    exit 1\nfi\n# This output is used by Xcode 'outputs' to avoid re-running this script phase.\necho \"SUCCESS\" > \"${SCRIPT_OUTPUT_FILE_0}\"\n";
			showEnvVarsInLog = 0;
		};
		67CA82D67C868AD32BF370BE /* [CP] Embed Pods Frameworks */ = {
			isa = PBXShellScriptBuildPhase;
			buildActionMask = 2147483647;
			files = (
			);
			inputPaths = (
				"${PODS_ROOT}/Target Support Files/Pods-RatesUp/Pods-RatesUp-frameworks.sh",
				"${BUILT_PRODUCTS_DIR}/Action/Action.framework",
				"${BUILT_PRODUCTS_DIR}/Alamofire/Alamofire.framework",
				"${BUILT_PRODUCTS_DIR}/Differentiator/Differentiator.framework",
				"${BUILT_PRODUCTS_DIR}/Moya/Moya.framework",
				"${BUILT_PRODUCTS_DIR}/Result/Result.framework",
				"${BUILT_PRODUCTS_DIR}/RxCocoa/RxCocoa.framework",
				"${BUILT_PRODUCTS_DIR}/RxDataSources/RxDataSources.framework",
				"${BUILT_PRODUCTS_DIR}/RxFeedback/RxFeedback.framework",
				"${BUILT_PRODUCTS_DIR}/RxOptional/RxOptional.framework",
				"${BUILT_PRODUCTS_DIR}/RxSwift/RxSwift.framework",
				"${BUILT_PRODUCTS_DIR}/RxViewController/RxViewController.framework",
				"${BUILT_PRODUCTS_DIR}/SWXMLHash/SWXMLHash.framework",
			);
			name = "[CP] Embed Pods Frameworks";
			outputPaths = (
				"${TARGET_BUILD_DIR}/${FRAMEWORKS_FOLDER_PATH}/Action.framework",
				"${TARGET_BUILD_DIR}/${FRAMEWORKS_FOLDER_PATH}/Alamofire.framework",
				"${TARGET_BUILD_DIR}/${FRAMEWORKS_FOLDER_PATH}/Differentiator.framework",
				"${TARGET_BUILD_DIR}/${FRAMEWORKS_FOLDER_PATH}/Moya.framework",
				"${TARGET_BUILD_DIR}/${FRAMEWORKS_FOLDER_PATH}/Result.framework",
				"${TARGET_BUILD_DIR}/${FRAMEWORKS_FOLDER_PATH}/RxCocoa.framework",
				"${TARGET_BUILD_DIR}/${FRAMEWORKS_FOLDER_PATH}/RxDataSources.framework",
				"${TARGET_BUILD_DIR}/${FRAMEWORKS_FOLDER_PATH}/RxFeedback.framework",
				"${TARGET_BUILD_DIR}/${FRAMEWORKS_FOLDER_PATH}/RxOptional.framework",
				"${TARGET_BUILD_DIR}/${FRAMEWORKS_FOLDER_PATH}/RxSwift.framework",
				"${TARGET_BUILD_DIR}/${FRAMEWORKS_FOLDER_PATH}/RxViewController.framework",
				"${TARGET_BUILD_DIR}/${FRAMEWORKS_FOLDER_PATH}/SWXMLHash.framework",
			);
			runOnlyForDeploymentPostprocessing = 0;
			shellPath = /bin/sh;
			shellScript = "\"${PODS_ROOT}/Target Support Files/Pods-RatesUp/Pods-RatesUp-frameworks.sh\"\n";
			showEnvVarsInLog = 0;
		};
		C8B28F945A822C48AA427095 /* [CP] Check Pods Manifest.lock */ = {
			isa = PBXShellScriptBuildPhase;
			buildActionMask = 2147483647;
			files = (
			);
			inputPaths = (
				"${PODS_PODFILE_DIR_PATH}/Podfile.lock",
				"${PODS_ROOT}/Manifest.lock",
			);
			name = "[CP] Check Pods Manifest.lock";
			outputPaths = (
				"$(DERIVED_FILE_DIR)/Pods-RatesUpUITests-checkManifestLockResult.txt",
			);
			runOnlyForDeploymentPostprocessing = 0;
			shellPath = /bin/sh;
			shellScript = "diff \"${PODS_PODFILE_DIR_PATH}/Podfile.lock\" \"${PODS_ROOT}/Manifest.lock\" > /dev/null\nif [ $? != 0 ] ; then\n    # print error to STDERR\n    echo \"error: The sandbox is not in sync with the Podfile.lock. Run 'pod install' or update your CocoaPods installation.\" >&2\n    exit 1\nfi\n# This output is used by Xcode 'outputs' to avoid re-running this script phase.\necho \"SUCCESS\" > \"${SCRIPT_OUTPUT_FILE_0}\"\n";
			showEnvVarsInLog = 0;
		};
/* End PBXShellScriptBuildPhase section */

/* Begin PBXSourcesBuildPhase section */
		9451DE7A20134B3600F69318 /* Sources */ = {
			isa = PBXSourcesBuildPhase;
			buildActionMask = 2147483647;
			files = (
				9452577B201487B300684439 /* ReusableView.swift in Sources */,
				9452577120136A8000684439 /* RateCell.swift in Sources */,
				94A61AF7201CCBEC00299A4A /* UIColor+extensions.swift in Sources */,
				946278CC2038616900645B99 /* Rate.swift in Sources */,
				943E0ADF201354D0000C62C1 /* AppState.swift in Sources */,
				946278D62039779500645B99 /* Managed.swift in Sources */,
				943E0AFA201356A0000C62C1 /* TabBarViewState.swift in Sources */,
				94A61AF9201CD2E400299A4A /* UIView+extensions.swift in Sources */,
				946278E2204AF99F00645B99 /* AppServices.swift in Sources */,
				943E0AF9201356A0000C62C1 /* TabBarController.swift in Sources */,
				94729CB5207005AB0026C45D /* RatesResult.swift in Sources */,
				94729CB7207005DD0026C45D /* RatesError.swift in Sources */,
				943E0B0220135795000C62C1 /* Alert.swift in Sources */,
				943E0AE0201354D0000C62C1 /* AppSideEffects.swift in Sources */,
				943E0B1120135A14000C62C1 /* RatesViewState.swift in Sources */,
				9452577520137F7900684439 /* CurrencyDailyRate.swift in Sources */,
				943E0B0320135795000C62C1 /* SceneCoordinator.swift in Sources */,
				94729CB2206FFEB40026C45D /* CurrenciesViewState.swift in Sources */,
				946278D02038790000645B99 /* RatesStore.swift in Sources */,
				943E0B2020136938000C62C1 /* RatesViewController.swift in Sources */,
				946278D8203977BD00645B99 /* NSManagedObjectContext+Extensions.swift in Sources */,
				946278E0204AF8C600645B99 /* DateConverter.swift in Sources */,
				943E0B1320135A31000C62C1 /* RatesState.swift in Sources */,
				943E0B0B20135980000C62C1 /* NavigaionController.swift in Sources */,
				946278DA204AD18D00645B99 /* RateAPIModel.swift in Sources */,
				943E0B1620135DB2000C62C1 /* ObservableType+Extensions.swift in Sources */,
				943E0B0820135876000C62C1 /* Assets.swift in Sources */,
				946278DC204AD31400645B99 /* DailyRatesData.swift in Sources */,
				943E0AE3201354D0000C62C1 /* SideEffects.swift in Sources */,
				943E0AE1201354D0000C62C1 /* DataDrivenView.swift in Sources */,
				945257842016823900684439 /* XMLDecoder.swift in Sources */,
				946278DE204AECAF00645B99 /* RatesService.swift in Sources */,
				9452577F2016683E00684439 /* CentralBankAPI.swift in Sources */,
				94F9507B2070E25700265779 /* СurrenyCell.swift in Sources */,
				946278CE2038728400645B99 /* LocalStore.swift in Sources */,
				943E0B0520135795000C62C1 /* SceneAction.swift in Sources */,
				943E0B0420135795000C62C1 /* SceneTransitionType.swift in Sources */,
				943E0AE2201354D0000C62C1 /* AppStateStore.swift in Sources */,
				946278C720385EBD00645B99 /* RatesStore.xcdatamodeld in Sources */,
				943E0B0120135795000C62C1 /* Scene.swift in Sources */,
				9451DE8220134B3600F69318 /* AppDelegate.swift in Sources */,
				943E0B1E2013681A000C62C1 /* RatesTableSection.swift in Sources */,
				943E0AF8201356A0000C62C1 /* TabItem.swift in Sources */,
				94729CA9206D8A170026C45D /* RatesSort.swift in Sources */,
				946278C92038609200645B99 /* Currency.swift in Sources */,
				94F9507D20839E7700265779 /* СurrenciesTableSection.swift in Sources */,
				943E0AE4201354D0000C62C1 /* State.swift in Sources */,
				94729CAE206FFC9D0026C45D /* СurreniesViewController.swift in Sources */,
				94729CB0206FFE700026C45D /* CurrenciesState.swift in Sources */,
				94729CBB20700C5B0026C45D /* CurrenciesSideEffects.swift in Sources */,
				9452578220166E4B00684439 /* CentralBankEndpoint.swift in Sources */,
				945257772013E32900684439 /* RatesSideEffects.swift in Sources */,
			);
			runOnlyForDeploymentPostprocessing = 0;
		};
		9451DE8E20134B3700F69318 /* Sources */ = {
			isa = PBXSourcesBuildPhase;
			buildActionMask = 2147483647;
			files = (
			);
			runOnlyForDeploymentPostprocessing = 0;
		};
		9451DE9920134B3700F69318 /* Sources */ = {
			isa = PBXSourcesBuildPhase;
			buildActionMask = 2147483647;
			files = (
			);
			runOnlyForDeploymentPostprocessing = 0;
		};
/* End PBXSourcesBuildPhase section */

/* Begin PBXTargetDependency section */
		9451DE9420134B3700F69318 /* PBXTargetDependency */ = {
			isa = PBXTargetDependency;
			target = 9451DE7D20134B3600F69318 /* RatesUp */;
			targetProxy = 9451DE9320134B3700F69318 /* PBXContainerItemProxy */;
		};
		9451DE9F20134B3700F69318 /* PBXTargetDependency */ = {
			isa = PBXTargetDependency;
			target = 9451DE7D20134B3600F69318 /* RatesUp */;
			targetProxy = 9451DE9E20134B3700F69318 /* PBXContainerItemProxy */;
		};
/* End PBXTargetDependency section */

/* Begin PBXVariantGroup section */
		9451DE8A20134B3600F69318 /* LaunchScreen.storyboard */ = {
			isa = PBXVariantGroup;
			children = (
				9451DE8B20134B3600F69318 /* Base */,
			);
			name = LaunchScreen.storyboard;
			sourceTree = "<group>";
		};
/* End PBXVariantGroup section */

/* Begin XCBuildConfiguration section */
		9451DEA420134B3700F69318 /* Debug */ = {
			isa = XCBuildConfiguration;
			buildSettings = {
				ALWAYS_SEARCH_USER_PATHS = NO;
				CLANG_ANALYZER_NONNULL = YES;
				CLANG_ANALYZER_NUMBER_OBJECT_CONVERSION = YES_AGGRESSIVE;
				CLANG_CXX_LANGUAGE_STANDARD = "gnu++14";
				CLANG_CXX_LIBRARY = "libc++";
				CLANG_ENABLE_MODULES = YES;
				CLANG_ENABLE_OBJC_ARC = YES;
				CLANG_WARN_BLOCK_CAPTURE_AUTORELEASING = YES;
				CLANG_WARN_BOOL_CONVERSION = YES;
				CLANG_WARN_COMMA = YES;
				CLANG_WARN_CONSTANT_CONVERSION = YES;
				CLANG_WARN_DEPRECATED_OBJC_IMPLEMENTATIONS = YES;
				CLANG_WARN_DIRECT_OBJC_ISA_USAGE = YES_ERROR;
				CLANG_WARN_DOCUMENTATION_COMMENTS = YES;
				CLANG_WARN_EMPTY_BODY = YES;
				CLANG_WARN_ENUM_CONVERSION = YES;
				CLANG_WARN_INFINITE_RECURSION = YES;
				CLANG_WARN_INT_CONVERSION = YES;
				CLANG_WARN_NON_LITERAL_NULL_CONVERSION = YES;
				CLANG_WARN_OBJC_IMPLICIT_RETAIN_SELF = YES;
				CLANG_WARN_OBJC_LITERAL_CONVERSION = YES;
				CLANG_WARN_OBJC_ROOT_CLASS = YES_ERROR;
				CLANG_WARN_RANGE_LOOP_ANALYSIS = YES;
				CLANG_WARN_STRICT_PROTOTYPES = YES;
				CLANG_WARN_SUSPICIOUS_MOVE = YES;
				CLANG_WARN_UNGUARDED_AVAILABILITY = YES_AGGRESSIVE;
				CLANG_WARN_UNREACHABLE_CODE = YES;
				CLANG_WARN__DUPLICATE_METHOD_MATCH = YES;
				CODE_SIGN_IDENTITY = "iPhone Developer";
				COPY_PHASE_STRIP = NO;
				DEBUG_INFORMATION_FORMAT = dwarf;
				ENABLE_STRICT_OBJC_MSGSEND = YES;
				ENABLE_TESTABILITY = YES;
				GCC_C_LANGUAGE_STANDARD = gnu11;
				GCC_DYNAMIC_NO_PIC = NO;
				GCC_NO_COMMON_BLOCKS = YES;
				GCC_OPTIMIZATION_LEVEL = 0;
				GCC_PREPROCESSOR_DEFINITIONS = (
					"DEBUG=1",
					"$(inherited)",
				);
				GCC_WARN_64_TO_32_BIT_CONVERSION = YES;
				GCC_WARN_ABOUT_RETURN_TYPE = YES_ERROR;
				GCC_WARN_UNDECLARED_SELECTOR = YES;
				GCC_WARN_UNINITIALIZED_AUTOS = YES_AGGRESSIVE;
				GCC_WARN_UNUSED_FUNCTION = YES;
				GCC_WARN_UNUSED_VARIABLE = YES;
				IPHONEOS_DEPLOYMENT_TARGET = 11.2;
				MTL_ENABLE_DEBUG_INFO = YES;
				ONLY_ACTIVE_ARCH = YES;
				SDKROOT = iphoneos;
				SWIFT_ACTIVE_COMPILATION_CONDITIONS = DEBUG;
				SWIFT_OPTIMIZATION_LEVEL = "-Onone";
			};
			name = Debug;
		};
		9451DEA520134B3700F69318 /* Release */ = {
			isa = XCBuildConfiguration;
			buildSettings = {
				ALWAYS_SEARCH_USER_PATHS = NO;
				CLANG_ANALYZER_NONNULL = YES;
				CLANG_ANALYZER_NUMBER_OBJECT_CONVERSION = YES_AGGRESSIVE;
				CLANG_CXX_LANGUAGE_STANDARD = "gnu++14";
				CLANG_CXX_LIBRARY = "libc++";
				CLANG_ENABLE_MODULES = YES;
				CLANG_ENABLE_OBJC_ARC = YES;
				CLANG_WARN_BLOCK_CAPTURE_AUTORELEASING = YES;
				CLANG_WARN_BOOL_CONVERSION = YES;
				CLANG_WARN_COMMA = YES;
				CLANG_WARN_CONSTANT_CONVERSION = YES;
				CLANG_WARN_DEPRECATED_OBJC_IMPLEMENTATIONS = YES;
				CLANG_WARN_DIRECT_OBJC_ISA_USAGE = YES_ERROR;
				CLANG_WARN_DOCUMENTATION_COMMENTS = YES;
				CLANG_WARN_EMPTY_BODY = YES;
				CLANG_WARN_ENUM_CONVERSION = YES;
				CLANG_WARN_INFINITE_RECURSION = YES;
				CLANG_WARN_INT_CONVERSION = YES;
				CLANG_WARN_NON_LITERAL_NULL_CONVERSION = YES;
				CLANG_WARN_OBJC_IMPLICIT_RETAIN_SELF = YES;
				CLANG_WARN_OBJC_LITERAL_CONVERSION = YES;
				CLANG_WARN_OBJC_ROOT_CLASS = YES_ERROR;
				CLANG_WARN_RANGE_LOOP_ANALYSIS = YES;
				CLANG_WARN_STRICT_PROTOTYPES = YES;
				CLANG_WARN_SUSPICIOUS_MOVE = YES;
				CLANG_WARN_UNGUARDED_AVAILABILITY = YES_AGGRESSIVE;
				CLANG_WARN_UNREACHABLE_CODE = YES;
				CLANG_WARN__DUPLICATE_METHOD_MATCH = YES;
				CODE_SIGN_IDENTITY = "iPhone Developer";
				COPY_PHASE_STRIP = NO;
				DEBUG_INFORMATION_FORMAT = "dwarf-with-dsym";
				ENABLE_NS_ASSERTIONS = NO;
				ENABLE_STRICT_OBJC_MSGSEND = YES;
				GCC_C_LANGUAGE_STANDARD = gnu11;
				GCC_NO_COMMON_BLOCKS = YES;
				GCC_WARN_64_TO_32_BIT_CONVERSION = YES;
				GCC_WARN_ABOUT_RETURN_TYPE = YES_ERROR;
				GCC_WARN_UNDECLARED_SELECTOR = YES;
				GCC_WARN_UNINITIALIZED_AUTOS = YES_AGGRESSIVE;
				GCC_WARN_UNUSED_FUNCTION = YES;
				GCC_WARN_UNUSED_VARIABLE = YES;
				IPHONEOS_DEPLOYMENT_TARGET = 11.2;
				MTL_ENABLE_DEBUG_INFO = NO;
				SDKROOT = iphoneos;
				SWIFT_OPTIMIZATION_LEVEL = "-Owholemodule";
				VALIDATE_PRODUCT = YES;
			};
			name = Release;
		};
		9451DEA720134B3700F69318 /* Debug */ = {
			isa = XCBuildConfiguration;
			baseConfigurationReference = D6680A50933C6F2CF41855E9 /* Pods-RatesUp.debug.xcconfig */;
			buildSettings = {
				ASSETCATALOG_COMPILER_APPICON_NAME = AppIcon;
				CODE_SIGN_ENTITLEMENTS = RatesUp/RatesUp.entitlements;
				CODE_SIGN_STYLE = Manual;
				DEVELOPMENT_TEAM = 6L2SX9VHNH;
				INFOPLIST_FILE = RatesUp/Resources/Info.plist;
				IPHONEOS_DEPLOYMENT_TARGET = 9.0;
				LD_RUNPATH_SEARCH_PATHS = "$(inherited) @executable_path/Frameworks";
				PRODUCT_BUNDLE_IDENTIFIER = ru.madmaxmv.ratesup;
				PRODUCT_NAME = RatesUp;
				PROVISIONING_PROFILE_SPECIFIER = "";
				SWIFT_VERSION = 5.0;
				TARGETED_DEVICE_FAMILY = "1,2";
			};
			name = Debug;
		};
		9451DEA820134B3700F69318 /* Release */ = {
			isa = XCBuildConfiguration;
			baseConfigurationReference = 7729BD9CDE5C174A079B1E0A /* Pods-RatesUp.release.xcconfig */;
			buildSettings = {
				ASSETCATALOG_COMPILER_APPICON_NAME = AppIcon;
				CODE_SIGN_ENTITLEMENTS = RatesUp/RatesUp.entitlements;
				CODE_SIGN_STYLE = Manual;
				DEVELOPMENT_TEAM = HQ576M92UA;
				INFOPLIST_FILE = RatesUp/Resources/Info.plist;
				IPHONEOS_DEPLOYMENT_TARGET = 9.0;
				LD_RUNPATH_SEARCH_PATHS = "$(inherited) @executable_path/Frameworks";
				PRODUCT_BUNDLE_IDENTIFIER = ru.madmaxmv.ratesup;
				PRODUCT_NAME = RatesUp;
				PROVISIONING_PROFILE_SPECIFIER = "";
				SWIFT_VERSION = 5.0;
				TARGETED_DEVICE_FAMILY = "1,2";
			};
			name = Release;
		};
		9451DEAA20134B3700F69318 /* Debug */ = {
			isa = XCBuildConfiguration;
			baseConfigurationReference = C97ABEE9E17BE7701F1A6A07 /* Pods-RatesUpTests.debug.xcconfig */;
			buildSettings = {
				ALWAYS_EMBED_SWIFT_STANDARD_LIBRARIES = YES;
				BUNDLE_LOADER = "$(TEST_HOST)";
				CODE_SIGN_STYLE = Automatic;
				DEVELOPMENT_TEAM = HQ576M92UA;
				INFOPLIST_FILE = RatesUpTests/Info.plist;
				LD_RUNPATH_SEARCH_PATHS = "$(inherited) @executable_path/Frameworks @loader_path/Frameworks";
				PRODUCT_BUNDLE_IDENTIFIER = matmax.RatesUpTests;
				PRODUCT_NAME = "$(TARGET_NAME)";
				SWIFT_VERSION = 5.0;
				TARGETED_DEVICE_FAMILY = "1,2";
				TEST_HOST = "$(BUILT_PRODUCTS_DIR)/RatesUp.app/RatesUp";
			};
			name = Debug;
		};
		9451DEAB20134B3700F69318 /* Release */ = {
			isa = XCBuildConfiguration;
			baseConfigurationReference = 0CEAADAEEE71F65E9343D591 /* Pods-RatesUpTests.release.xcconfig */;
			buildSettings = {
				ALWAYS_EMBED_SWIFT_STANDARD_LIBRARIES = YES;
				BUNDLE_LOADER = "$(TEST_HOST)";
				CODE_SIGN_STYLE = Automatic;
				DEVELOPMENT_TEAM = HQ576M92UA;
				INFOPLIST_FILE = RatesUpTests/Info.plist;
				LD_RUNPATH_SEARCH_PATHS = "$(inherited) @executable_path/Frameworks @loader_path/Frameworks";
				PRODUCT_BUNDLE_IDENTIFIER = matmax.RatesUpTests;
				PRODUCT_NAME = "$(TARGET_NAME)";
				SWIFT_VERSION = 5.0;
				TARGETED_DEVICE_FAMILY = "1,2";
				TEST_HOST = "$(BUILT_PRODUCTS_DIR)/RatesUp.app/RatesUp";
			};
			name = Release;
		};
		9451DEAD20134B3700F69318 /* Debug */ = {
			isa = XCBuildConfiguration;
			baseConfigurationReference = F1FFAF3EF4CED39C86515495 /* Pods-RatesUpUITests.debug.xcconfig */;
			buildSettings = {
				ALWAYS_EMBED_SWIFT_STANDARD_LIBRARIES = YES;
				CODE_SIGN_STYLE = Automatic;
				DEVELOPMENT_TEAM = HQ576M92UA;
				INFOPLIST_FILE = RatesUpUITests/Info.plist;
				LD_RUNPATH_SEARCH_PATHS = "$(inherited) @executable_path/Frameworks @loader_path/Frameworks";
				PRODUCT_BUNDLE_IDENTIFIER = matmax.RatesUpUITests;
				PRODUCT_NAME = "$(TARGET_NAME)";
				SWIFT_VERSION = 5.0;
				TARGETED_DEVICE_FAMILY = "1,2";
				TEST_TARGET_NAME = RatesUp;
			};
			name = Debug;
		};
		9451DEAE20134B3700F69318 /* Release */ = {
			isa = XCBuildConfiguration;
			baseConfigurationReference = 8C6AC83A88422EF61EBF4AE7 /* Pods-RatesUpUITests.release.xcconfig */;
			buildSettings = {
				ALWAYS_EMBED_SWIFT_STANDARD_LIBRARIES = YES;
				CODE_SIGN_STYLE = Automatic;
				DEVELOPMENT_TEAM = HQ576M92UA;
				INFOPLIST_FILE = RatesUpUITests/Info.plist;
				LD_RUNPATH_SEARCH_PATHS = "$(inherited) @executable_path/Frameworks @loader_path/Frameworks";
				PRODUCT_BUNDLE_IDENTIFIER = matmax.RatesUpUITests;
				PRODUCT_NAME = "$(TARGET_NAME)";
				SWIFT_VERSION = 5.0;
				TARGETED_DEVICE_FAMILY = "1,2";
				TEST_TARGET_NAME = RatesUp;
			};
			name = Release;
		};
/* End XCBuildConfiguration section */

/* Begin XCConfigurationList section */
		9451DE7920134B3600F69318 /* Build configuration list for PBXProject "RatesUp" */ = {
			isa = XCConfigurationList;
			buildConfigurations = (
				9451DEA420134B3700F69318 /* Debug */,
				9451DEA520134B3700F69318 /* Release */,
			);
			defaultConfigurationIsVisible = 0;
			defaultConfigurationName = Release;
		};
		9451DEA620134B3700F69318 /* Build configuration list for PBXNativeTarget "RatesUp" */ = {
			isa = XCConfigurationList;
			buildConfigurations = (
				9451DEA720134B3700F69318 /* Debug */,
				9451DEA820134B3700F69318 /* Release */,
			);
			defaultConfigurationIsVisible = 0;
			defaultConfigurationName = Release;
		};
		9451DEA920134B3700F69318 /* Build configuration list for PBXNativeTarget "RatesUpTests" */ = {
			isa = XCConfigurationList;
			buildConfigurations = (
				9451DEAA20134B3700F69318 /* Debug */,
				9451DEAB20134B3700F69318 /* Release */,
			);
			defaultConfigurationIsVisible = 0;
			defaultConfigurationName = Release;
		};
		9451DEAC20134B3700F69318 /* Build configuration list for PBXNativeTarget "RatesUpUITests" */ = {
			isa = XCConfigurationList;
			buildConfigurations = (
				9451DEAD20134B3700F69318 /* Debug */,
				9451DEAE20134B3700F69318 /* Release */,
			);
			defaultConfigurationIsVisible = 0;
			defaultConfigurationName = Release;
		};
/* End XCConfigurationList section */

/* Begin XCVersionGroup section */
		946278C520385EBD00645B99 /* RatesStore.xcdatamodeld */ = {
			isa = XCVersionGroup;
			children = (
				946278C620385EBD00645B99 /* CentralBankStore.xcdatamodel */,
			);
			currentVersion = 946278C620385EBD00645B99 /* CentralBankStore.xcdatamodel */;
			path = RatesStore.xcdatamodeld;
			sourceTree = "<group>";
			versionGroupType = wrapper.xcdatamodel;
		};
/* End XCVersionGroup section */
	};
	rootObject = 9451DE7620134B3600F69318 /* Project object */;
}
